// !$*UTF8*$!
{
	archiveVersion = 1;
	classes = {
	};
	objectVersion = 56;
	objects = {

/* Begin PBXBuildFile section */
		0A636F765DBAC5229B956B33 /* Pods_UserGithubUITests.framework in Frameworks */ = {isa = PBXBuildFile; fileRef = 6FA49735281779185682280F /* Pods_UserGithubUITests.framework */; };
		559DD7B1B98E5388B7624F5F /* Pods_UserGithub.framework in Frameworks */ = {isa = PBXBuildFile; fileRef = 3F75D4DA8B9EFFA51D1C7DE1 /* Pods_UserGithub.framework */; };
		6F16326BF56CC6DC8F25323E /* Pods_UserGithubTests.framework in Frameworks */ = {isa = PBXBuildFile; fileRef = AAAB2B9C892CD6677001E4DF /* Pods_UserGithubTests.framework */; };
		FF8FAE772AA25F1B003460CD /* UserViewCellTests.swift in Sources */ = {isa = PBXBuildFile; fileRef = FF8FAE762AA25F1B003460CD /* UserViewCellTests.swift */; };
		FF8FAE792AA26113003460CD /* UserViewCellControllerTests.swift in Sources */ = {isa = PBXBuildFile; fileRef = FF8FAE782AA26113003460CD /* UserViewCellControllerTests.swift */; };
		FF8FAE7C2AA26441003460CD /* APITests.swift in Sources */ = {isa = PBXBuildFile; fileRef = FF8FAE7B2AA26441003460CD /* APITests.swift */; };
		FF8FAE7E2AA264CA003460CD /* APIBuilderTests.swift in Sources */ = {isa = PBXBuildFile; fileRef = FF8FAE7D2AA264CA003460CD /* APIBuilderTests.swift */; };
		FF8FAE802AA26519003460CD /* ApiFactoryTests.swift in Sources */ = {isa = PBXBuildFile; fileRef = FF8FAE7F2AA26519003460CD /* ApiFactoryTests.swift */; };
		FF8FAE862AA266E6003460CD /* SpacingTests.swift in Sources */ = {isa = PBXBuildFile; fileRef = FF8FAE852AA266E6003460CD /* SpacingTests.swift */; };
		FF8FAE882AA26727003460CD /* NetworkRequestTests.swift in Sources */ = {isa = PBXBuildFile; fileRef = FF8FAE872AA26727003460CD /* NetworkRequestTests.swift */; };
		FF8FAE8A2AA2682B003460CD /* ReachabilityNotifierTests.swift in Sources */ = {isa = PBXBuildFile; fileRef = FF8FAE892AA2682B003460CD /* ReachabilityNotifierTests.swift */; };
		FF8FAE8D2AA268FA003460CD /* UIColorExtensionTests.swift in Sources */ = {isa = PBXBuildFile; fileRef = FF8FAE8C2AA268FA003460CD /* UIColorExtensionTests.swift */; };
		FF8FAE912AA26AAE003460CD /* UIViewExtensionTests.swift in Sources */ = {isa = PBXBuildFile; fileRef = FF8FAE902AA26AAE003460CD /* UIViewExtensionTests.swift */; };
		FF8FAE932AA26B40003460CD /* UINavigatorControllerExtensionTests.swift in Sources */ = {isa = PBXBuildFile; fileRef = FF8FAE922AA26B40003460CD /* UINavigatorControllerExtensionTests.swift */; };
		FF8FAE962AA26BD7003460CD /* UserViewTests.swift in Sources */ = {isa = PBXBuildFile; fileRef = FF8FAE952AA26BD7003460CD /* UserViewTests.swift */; };
		FF8FAE982AA26D55003460CD /* RepoViewTests.swift in Sources */ = {isa = PBXBuildFile; fileRef = FF8FAE972AA26D55003460CD /* RepoViewTests.swift */; };
		FF8FAE9A2AA26E5F003460CD /* InternetOutViewTests.swift in Sources */ = {isa = PBXBuildFile; fileRef = FF8FAE992AA26E5F003460CD /* InternetOutViewTests.swift */; };
		FF8FAE9C2AA26EBA003460CD /* ErrorViewTests.swift in Sources */ = {isa = PBXBuildFile; fileRef = FF8FAE9B2AA26EBA003460CD /* ErrorViewTests.swift */; };
		FF8FAE9E2AA26F82003460CD /* DetailUserRouterTests.swift in Sources */ = {isa = PBXBuildFile; fileRef = FF8FAE9D2AA26F82003460CD /* DetailUserRouterTests.swift */; };
		FF8FAEA12AA27065003460CD /* DetailUserPresenterTests.swift in Sources */ = {isa = PBXBuildFile; fileRef = FF8FAEA02AA27065003460CD /* DetailUserPresenterTests.swift */; };
		FF8FAEA42AA27154003460CD /* DetailUserViewControllerTests.swift in Sources */ = {isa = PBXBuildFile; fileRef = FF8FAEA32AA27154003460CD /* DetailUserViewControllerTests.swift */; };
		FF8FAEA72AA27289003460CD /* DetailUserView.swift in Sources */ = {isa = PBXBuildFile; fileRef = FF8FAEA62AA27289003460CD /* DetailUserView.swift */; };
		FF8FAEAA2AA27369003460CD /* DetailUserModelTests.swift in Sources */ = {isa = PBXBuildFile; fileRef = FF8FAEA92AA27369003460CD /* DetailUserModelTests.swift */; };
		FF8FAEAD2AA27504003460CD /* DetailUsersServiceTests.swift in Sources */ = {isa = PBXBuildFile; fileRef = FF8FAEAC2AA27504003460CD /* DetailUsersServiceTests.swift */; };
		FF8FAEB72AA27743003460CD /* RepoServiceTests.swift in Sources */ = {isa = PBXBuildFile; fileRef = FF8FAEB62AA27743003460CD /* RepoServiceTests.swift */; };
		FF8FAEB92AA27770003460CD /* RepoModelTests.swift in Sources */ = {isa = PBXBuildFile; fileRef = FF8FAEB82AA27770003460CD /* RepoModelTests.swift */; };
		FF8FAEBB2AA278A5003460CD /* RepoRouterTests.swift in Sources */ = {isa = PBXBuildFile; fileRef = FF8FAEBA2AA278A5003460CD /* RepoRouterTests.swift */; };
		FF8FAEBD2AA2793F003460CD /* RepoInteractorTests.swift in Sources */ = {isa = PBXBuildFile; fileRef = FF8FAEBC2AA2793F003460CD /* RepoInteractorTests.swift */; };
		FF8FAEBF2AA27AA4003460CD /* RepoPresenterTests.swift in Sources */ = {isa = PBXBuildFile; fileRef = FF8FAEBE2AA27AA4003460CD /* RepoPresenterTests.swift */; };
		FF9F62472A9E810400211D8C /* AppDelegate.swift in Sources */ = {isa = PBXBuildFile; fileRef = FF9F62462A9E810400211D8C /* AppDelegate.swift */; };
		FF9F624B2A9E810400211D8C /* HomeViewController.swift in Sources */ = {isa = PBXBuildFile; fileRef = FF9F624A2A9E810400211D8C /* HomeViewController.swift */; };
		FF9F62502A9E810500211D8C /* Assets.xcassets in Resources */ = {isa = PBXBuildFile; fileRef = FF9F624F2A9E810500211D8C /* Assets.xcassets */; };
		FF9F62532A9E810500211D8C /* LaunchScreen.storyboard in Resources */ = {isa = PBXBuildFile; fileRef = FF9F62512A9E810500211D8C /* LaunchScreen.storyboard */; };
		FF9F625E2A9E810500211D8C /* UserGithubTests.swift in Sources */ = {isa = PBXBuildFile; fileRef = FF9F625D2A9E810500211D8C /* UserGithubTests.swift */; };
		FF9F62682A9E810500211D8C /* UserGithubUITests.swift in Sources */ = {isa = PBXBuildFile; fileRef = FF9F62672A9E810500211D8C /* UserGithubUITests.swift */; };
		FF9F626A2A9E810500211D8C /* UserGithubUITestsLaunchTests.swift in Sources */ = {isa = PBXBuildFile; fileRef = FF9F62692A9E810500211D8C /* UserGithubUITestsLaunchTests.swift */; };
		FF9F627F2A9E891C00211D8C /* Spacing.swift in Sources */ = {isa = PBXBuildFile; fileRef = FF9F627E2A9E891C00211D8C /* Spacing.swift */; };
		FFAC7F4B2A9FC8D10037E963 /* DetailUserModel.swift in Sources */ = {isa = PBXBuildFile; fileRef = FFAC7F4A2A9FC8D10037E963 /* DetailUserModel.swift */; };
		FFAC7F4D2A9FC98D0037E963 /* DetailUserServer.swift in Sources */ = {isa = PBXBuildFile; fileRef = FFAC7F4C2A9FC98D0037E963 /* DetailUserServer.swift */; };
		FFAC7F4F2A9FCCA60037E963 /* DetailUserRouter.swift in Sources */ = {isa = PBXBuildFile; fileRef = FFAC7F4E2A9FCCA60037E963 /* DetailUserRouter.swift */; };
		FFAC7F512A9FCCB40037E963 /* DetailRouterFactory.swift in Sources */ = {isa = PBXBuildFile; fileRef = FFAC7F502A9FCCB40037E963 /* DetailRouterFactory.swift */; };
		FFAC7F532A9FCE090037E963 /* DetailUserInteractorBuilder.swift in Sources */ = {isa = PBXBuildFile; fileRef = FFAC7F522A9FCE090037E963 /* DetailUserInteractorBuilder.swift */; };
		FFAC7F552A9FCE490037E963 /* DetailUserInteractor.swift in Sources */ = {isa = PBXBuildFile; fileRef = FFAC7F542A9FCE490037E963 /* DetailUserInteractor.swift */; };
		FFAC7F572A9FCFDC0037E963 /* DetailUserPresenter.swift in Sources */ = {isa = PBXBuildFile; fileRef = FFAC7F562A9FCFDC0037E963 /* DetailUserPresenter.swift */; };
		FFAC7F592A9FD3D50037E963 /* DetailPresenterBuilder.swift in Sources */ = {isa = PBXBuildFile; fileRef = FFAC7F582A9FD3D50037E963 /* DetailPresenterBuilder.swift */; };
		FFAC7F5B2A9FD4A20037E963 /* DetailUserViewController.swift in Sources */ = {isa = PBXBuildFile; fileRef = FFAC7F5A2A9FD4A20037E963 /* DetailUserViewController.swift */; };
		FFAC7F5D2A9FE1A10037E963 /* DetailUserView.swift in Sources */ = {isa = PBXBuildFile; fileRef = FFAC7F5C2A9FE1A10037E963 /* DetailUserView.swift */; };
		FFAC7F712AA02DEE0037E963 /* RepoModel.swift in Sources */ = {isa = PBXBuildFile; fileRef = FFAC7F702AA02DEE0037E963 /* RepoModel.swift */; };
		FFAC7F732AA02F270037E963 /* RepoService.swift in Sources */ = {isa = PBXBuildFile; fileRef = FFAC7F722AA02F270037E963 /* RepoService.swift */; };
		FFAC7F752AA030B60037E963 /* RepoRouterFactory.swift in Sources */ = {isa = PBXBuildFile; fileRef = FFAC7F742AA030B60037E963 /* RepoRouterFactory.swift */; };
		FFAC7F772AA030C30037E963 /* RepoRouter.swift in Sources */ = {isa = PBXBuildFile; fileRef = FFAC7F762AA030C30037E963 /* RepoRouter.swift */; };
		FFAC7F792AA031640037E963 /* RepoInteractorBuilder.swift in Sources */ = {isa = PBXBuildFile; fileRef = FFAC7F782AA031640037E963 /* RepoInteractorBuilder.swift */; };
		FFAC7F7B2AA031700037E963 /* RepoInteractor.swift in Sources */ = {isa = PBXBuildFile; fileRef = FFAC7F7A2AA031700037E963 /* RepoInteractor.swift */; };
		FFAC7F7D2AA032790037E963 /* RepoPresenter.swift in Sources */ = {isa = PBXBuildFile; fileRef = FFAC7F7C2AA032790037E963 /* RepoPresenter.swift */; };
		FFAC7F7F2AA033CC0037E963 /* RepoPresenterBuilder.swift in Sources */ = {isa = PBXBuildFile; fileRef = FFAC7F7E2AA033CC0037E963 /* RepoPresenterBuilder.swift */; };
		FFAC7F812AA0344B0037E963 /* RepoViewController.swift in Sources */ = {isa = PBXBuildFile; fileRef = FFAC7F802AA0344B0037E963 /* RepoViewController.swift */; };
		FFAC7F852AA0368C0037E963 /* RepoViewCell.swift in Sources */ = {isa = PBXBuildFile; fileRef = FFAC7F842AA0368C0037E963 /* RepoViewCell.swift */; };
		FFAC7F872AA036980037E963 /* RepoViewCellController.swift in Sources */ = {isa = PBXBuildFile; fileRef = FFAC7F862AA036980037E963 /* RepoViewCellController.swift */; };
		FFAC7F892AA037950037E963 /* RepoView.swift in Sources */ = {isa = PBXBuildFile; fileRef = FFAC7F882AA037950037E963 /* RepoView.swift */; };
		FFAC7F8B2AA0B9480037E963 /* InternetOutView.swift in Sources */ = {isa = PBXBuildFile; fileRef = FFAC7F8A2AA0B9480037E963 /* InternetOutView.swift */; };
		FFAC7F8D2AA0C9DA0037E963 /* ErrorView.swift in Sources */ = {isa = PBXBuildFile; fileRef = FFAC7F8C2AA0C9DA0037E963 /* ErrorView.swift */; };
		FFB017572AA27C5B003C52F1 /* RepoViewControllerTests.swift in Sources */ = {isa = PBXBuildFile; fileRef = FFB017562AA27C5B003C52F1 /* RepoViewControllerTests.swift */; };
		FFB017592AA27D3C003C52F1 /* RepoViewCellTests.swift in Sources */ = {isa = PBXBuildFile; fileRef = FFB017582AA27D3C003C52F1 /* RepoViewCellTests.swift */; };
		FFB0175B2AA28063003C52F1 /* RepoViewCellControllerTests.swift in Sources */ = {isa = PBXBuildFile; fileRef = FFB0175A2AA28063003C52F1 /* RepoViewCellControllerTests.swift */; };
		FFB0175D2AA281D6003C52F1 /* UserGithub.xctestplan in Resources */ = {isa = PBXBuildFile; fileRef = FFB0175C2AA281D6003C52F1 /* UserGithub.xctestplan */; };
		FFB9C0852A9EA25800A95A13 /* UIColor+Extension.swift in Sources */ = {isa = PBXBuildFile; fileRef = FFB9C0842A9EA25800A95A13 /* UIColor+Extension.swift */; };
		FFB9C0CD2A9F556300A95A13 /* HomeRouter.swift in Sources */ = {isa = PBXBuildFile; fileRef = FFB9C0CC2A9F556300A95A13 /* HomeRouter.swift */; };
		FFB9C0CF2A9F574B00A95A13 /* HomeRouterFactory.swift in Sources */ = {isa = PBXBuildFile; fileRef = FFB9C0CE2A9F574B00A95A13 /* HomeRouterFactory.swift */; };
		FFB9C0D12A9F5C2C00A95A13 /* UsersModel.swift in Sources */ = {isa = PBXBuildFile; fileRef = FFB9C0D02A9F5C2C00A95A13 /* UsersModel.swift */; };
		FFB9C0D32A9F5C8F00A95A13 /* UsersService.swift in Sources */ = {isa = PBXBuildFile; fileRef = FFB9C0D22A9F5C8F00A95A13 /* UsersService.swift */; };
		FFB9C0D62A9F5D4B00A95A13 /* API.swift in Sources */ = {isa = PBXBuildFile; fileRef = FFB9C0D52A9F5D4B00A95A13 /* API.swift */; };
		FFB9C0D82A9F5D8600A95A13 /* APIBuilder.swift in Sources */ = {isa = PBXBuildFile; fileRef = FFB9C0D72A9F5D8600A95A13 /* APIBuilder.swift */; };
		FFB9C0DB2A9F5EA500A95A13 /* NetworkRequest.swift in Sources */ = {isa = PBXBuildFile; fileRef = FFB9C0DA2A9F5EA500A95A13 /* NetworkRequest.swift */; };
		FFB9C0DD2A9F5F1B00A95A13 /* Logs.swift in Sources */ = {isa = PBXBuildFile; fileRef = FFB9C0DC2A9F5F1B00A95A13 /* Logs.swift */; };
		FFB9C0DF2A9F5FDF00A95A13 /* ReachabilityNotifier.swift in Sources */ = {isa = PBXBuildFile; fileRef = FFB9C0DE2A9F5FDF00A95A13 /* ReachabilityNotifier.swift */; };
		FFB9C0E12A9F664700A95A13 /* APIFactory.swift in Sources */ = {isa = PBXBuildFile; fileRef = FFB9C0E02A9F664700A95A13 /* APIFactory.swift */; };
		FFB9C0E32A9F6BBA00A95A13 /* HomeInteractorBuilder.swift in Sources */ = {isa = PBXBuildFile; fileRef = FFB9C0E22A9F6BBA00A95A13 /* HomeInteractorBuilder.swift */; };
		FFB9C0E52A9F6BF800A95A13 /* HomeInteractor.swift in Sources */ = {isa = PBXBuildFile; fileRef = FFB9C0E42A9F6BF800A95A13 /* HomeInteractor.swift */; };
		FFB9C0EA2A9F6F5C00A95A13 /* HomePresenterBuilder.swift in Sources */ = {isa = PBXBuildFile; fileRef = FFB9C0E92A9F6F5C00A95A13 /* HomePresenterBuilder.swift */; };
		FFB9C0EC2A9F6FE800A95A13 /* HomePresenter.swift in Sources */ = {isa = PBXBuildFile; fileRef = FFB9C0EB2A9F6FE800A95A13 /* HomePresenter.swift */; };
		FFB9C0EE2A9F731C00A95A13 /* UITableView+Extensions.swift in Sources */ = {isa = PBXBuildFile; fileRef = FFB9C0ED2A9F731C00A95A13 /* UITableView+Extensions.swift */; };
		FFB9C0F22A9F735A00A95A13 /* UIView+Extension.swift in Sources */ = {isa = PBXBuildFile; fileRef = FFB9C0F12A9F735A00A95A13 /* UIView+Extension.swift */; };
		FFB9C0F42A9F745300A95A13 /* UserViewCell.swift in Sources */ = {isa = PBXBuildFile; fileRef = FFB9C0F32A9F745300A95A13 /* UserViewCell.swift */; };
		FFB9C0FC2A9F759300A95A13 /* UserView.swift in Sources */ = {isa = PBXBuildFile; fileRef = FFB9C0FB2A9F759300A95A13 /* UserView.swift */; };
		FFB9C0FE2A9F772900A95A13 /* UserViewCellController.swift in Sources */ = {isa = PBXBuildFile; fileRef = FFB9C0FD2A9F772900A95A13 /* UserViewCellController.swift */; };
		FFB9C1002A9F926800A95A13 /* UINavigatorController+Extension.swift in Sources */ = {isa = PBXBuildFile; fileRef = FFB9C0FF2A9F926800A95A13 /* UINavigatorController+Extension.swift */; };
		FFF1DFB92AA24EF000249B32 /* HomeInteractorTests.swift in Sources */ = {isa = PBXBuildFile; fileRef = FFF1DFB82AA24EF000249B32 /* HomeInteractorTests.swift */; };
		FFF1DFC02AA250A000249B32 /* DetailUserInteractorTests.swift in Sources */ = {isa = PBXBuildFile; fileRef = FFF1DFBF2AA250A000249B32 /* DetailUserInteractorTests.swift */; };
		FFF1DFC42AA2540700249B32 /* HomeViewControllerTests.swift in Sources */ = {isa = PBXBuildFile; fileRef = FFF1DFC32AA2540700249B32 /* HomeViewControllerTests.swift */; };
		FFF1DFC72AA2554C00249B32 /* HomePresenterTests.swift in Sources */ = {isa = PBXBuildFile; fileRef = FFF1DFC62AA2554C00249B32 /* HomePresenterTests.swift */; };
		FFF1DFCA2AA2558E00249B32 /* UsersServiceTests.swift in Sources */ = {isa = PBXBuildFile; fileRef = FFF1DFC92AA2558E00249B32 /* UsersServiceTests.swift */; };
		FFF1DFCD2AA2564E00249B32 /* UsersModelTests.swift in Sources */ = {isa = PBXBuildFile; fileRef = FFF1DFCC2AA2564E00249B32 /* UsersModelTests.swift */; };
		FFF1DFD02AA2571600249B32 /* HomeRouterTests.swift in Sources */ = {isa = PBXBuildFile; fileRef = FFF1DFCF2AA2571600249B32 /* HomeRouterTests.swift */; };
/* End PBXBuildFile section */

/* Begin PBXContainerItemProxy section */
		FF9F625A2A9E810500211D8C /* PBXContainerItemProxy */ = {
			isa = PBXContainerItemProxy;
			containerPortal = FF9F623B2A9E810400211D8C /* Project object */;
			proxyType = 1;
			remoteGlobalIDString = FF9F62422A9E810400211D8C;
			remoteInfo = UserGithub;
		};
		FF9F62642A9E810500211D8C /* PBXContainerItemProxy */ = {
			isa = PBXContainerItemProxy;
			containerPortal = FF9F623B2A9E810400211D8C /* Project object */;
			proxyType = 1;
			remoteGlobalIDString = FF9F62422A9E810400211D8C;
			remoteInfo = UserGithub;
		};
/* End PBXContainerItemProxy section */

/* Begin PBXFileReference section */
		3F75D4DA8B9EFFA51D1C7DE1 /* Pods_UserGithub.framework */ = {isa = PBXFileReference; explicitFileType = wrapper.framework; includeInIndex = 0; path = Pods_UserGithub.framework; sourceTree = BUILT_PRODUCTS_DIR; };
		4508A880B8752CFED156151A /* Pods-UserGithubTests.debug.xcconfig */ = {isa = PBXFileReference; includeInIndex = 1; lastKnownFileType = text.xcconfig; name = "Pods-UserGithubTests.debug.xcconfig"; path = "Target Support Files/Pods-UserGithubTests/Pods-UserGithubTests.debug.xcconfig"; sourceTree = "<group>"; };
		50C4CBC1C2080718BCD8B865 /* Pods-UserGithub-UserGithubUITests.debug.xcconfig */ = {isa = PBXFileReference; includeInIndex = 1; lastKnownFileType = text.xcconfig; name = "Pods-UserGithub-UserGithubUITests.debug.xcconfig"; path = "Target Support Files/Pods-UserGithub-UserGithubUITests/Pods-UserGithub-UserGithubUITests.debug.xcconfig"; sourceTree = "<group>"; };
		5476540F75DC7CCFC8B46DA4 /* Pods-UserGithub.release.xcconfig */ = {isa = PBXFileReference; includeInIndex = 1; lastKnownFileType = text.xcconfig; name = "Pods-UserGithub.release.xcconfig"; path = "Target Support Files/Pods-UserGithub/Pods-UserGithub.release.xcconfig"; sourceTree = "<group>"; };
		6FA49735281779185682280F /* Pods_UserGithubUITests.framework */ = {isa = PBXFileReference; explicitFileType = wrapper.framework; includeInIndex = 0; path = Pods_UserGithubUITests.framework; sourceTree = BUILT_PRODUCTS_DIR; };
		97799F0EBA3028CAE91E7A6C /* Pods-UserGithubTests.release.xcconfig */ = {isa = PBXFileReference; includeInIndex = 1; lastKnownFileType = text.xcconfig; name = "Pods-UserGithubTests.release.xcconfig"; path = "Target Support Files/Pods-UserGithubTests/Pods-UserGithubTests.release.xcconfig"; sourceTree = "<group>"; };
		AAAB2B9C892CD6677001E4DF /* Pods_UserGithubTests.framework */ = {isa = PBXFileReference; explicitFileType = wrapper.framework; includeInIndex = 0; path = Pods_UserGithubTests.framework; sourceTree = BUILT_PRODUCTS_DIR; };
		AB29BDED9E5C59B0087631A9 /* Pods-UserGithubUITests.release.xcconfig */ = {isa = PBXFileReference; includeInIndex = 1; lastKnownFileType = text.xcconfig; name = "Pods-UserGithubUITests.release.xcconfig"; path = "Target Support Files/Pods-UserGithubUITests/Pods-UserGithubUITests.release.xcconfig"; sourceTree = "<group>"; };
		B92ABCA78CA5F185E444B99C /* Pods-UserGithub-UserGithubUITests.release.xcconfig */ = {isa = PBXFileReference; includeInIndex = 1; lastKnownFileType = text.xcconfig; name = "Pods-UserGithub-UserGithubUITests.release.xcconfig"; path = "Target Support Files/Pods-UserGithub-UserGithubUITests/Pods-UserGithub-UserGithubUITests.release.xcconfig"; sourceTree = "<group>"; };
		C928CBBE9CC9245B91531FDC /* Pods-UserGithub.debug.xcconfig */ = {isa = PBXFileReference; includeInIndex = 1; lastKnownFileType = text.xcconfig; name = "Pods-UserGithub.debug.xcconfig"; path = "Target Support Files/Pods-UserGithub/Pods-UserGithub.debug.xcconfig"; sourceTree = "<group>"; };
		EDE350B2DEBF7E87E9870033 /* Pods-UserGithubUITests.debug.xcconfig */ = {isa = PBXFileReference; includeInIndex = 1; lastKnownFileType = text.xcconfig; name = "Pods-UserGithubUITests.debug.xcconfig"; path = "Target Support Files/Pods-UserGithubUITests/Pods-UserGithubUITests.debug.xcconfig"; sourceTree = "<group>"; };
		FF8FAE762AA25F1B003460CD /* UserViewCellTests.swift */ = {isa = PBXFileReference; lastKnownFileType = sourcecode.swift; path = UserViewCellTests.swift; sourceTree = "<group>"; };
		FF8FAE782AA26113003460CD /* UserViewCellControllerTests.swift */ = {isa = PBXFileReference; lastKnownFileType = sourcecode.swift; path = UserViewCellControllerTests.swift; sourceTree = "<group>"; };
		FF8FAE7B2AA26441003460CD /* APITests.swift */ = {isa = PBXFileReference; lastKnownFileType = sourcecode.swift; path = APITests.swift; sourceTree = "<group>"; };
		FF8FAE7D2AA264CA003460CD /* APIBuilderTests.swift */ = {isa = PBXFileReference; lastKnownFileType = sourcecode.swift; path = APIBuilderTests.swift; sourceTree = "<group>"; };
		FF8FAE7F2AA26519003460CD /* ApiFactoryTests.swift */ = {isa = PBXFileReference; lastKnownFileType = sourcecode.swift; path = ApiFactoryTests.swift; sourceTree = "<group>"; };
		FF8FAE852AA266E6003460CD /* SpacingTests.swift */ = {isa = PBXFileReference; lastKnownFileType = sourcecode.swift; path = SpacingTests.swift; sourceTree = "<group>"; };
		FF8FAE872AA26727003460CD /* NetworkRequestTests.swift */ = {isa = PBXFileReference; lastKnownFileType = sourcecode.swift; path = NetworkRequestTests.swift; sourceTree = "<group>"; };
		FF8FAE892AA2682B003460CD /* ReachabilityNotifierTests.swift */ = {isa = PBXFileReference; lastKnownFileType = sourcecode.swift; path = ReachabilityNotifierTests.swift; sourceTree = "<group>"; };
		FF8FAE8C2AA268FA003460CD /* UIColorExtensionTests.swift */ = {isa = PBXFileReference; lastKnownFileType = sourcecode.swift; path = UIColorExtensionTests.swift; sourceTree = "<group>"; };
		FF8FAE902AA26AAE003460CD /* UIViewExtensionTests.swift */ = {isa = PBXFileReference; lastKnownFileType = sourcecode.swift; path = UIViewExtensionTests.swift; sourceTree = "<group>"; };
		FF8FAE922AA26B40003460CD /* UINavigatorControllerExtensionTests.swift */ = {isa = PBXFileReference; lastKnownFileType = sourcecode.swift; path = UINavigatorControllerExtensionTests.swift; sourceTree = "<group>"; };
		FF8FAE952AA26BD7003460CD /* UserViewTests.swift */ = {isa = PBXFileReference; lastKnownFileType = sourcecode.swift; path = UserViewTests.swift; sourceTree = "<group>"; };
		FF8FAE972AA26D55003460CD /* RepoViewTests.swift */ = {isa = PBXFileReference; lastKnownFileType = sourcecode.swift; path = RepoViewTests.swift; sourceTree = "<group>"; };
		FF8FAE992AA26E5F003460CD /* InternetOutViewTests.swift */ = {isa = PBXFileReference; lastKnownFileType = sourcecode.swift; path = InternetOutViewTests.swift; sourceTree = "<group>"; };
		FF8FAE9B2AA26EBA003460CD /* ErrorViewTests.swift */ = {isa = PBXFileReference; lastKnownFileType = sourcecode.swift; path = ErrorViewTests.swift; sourceTree = "<group>"; };
		FF8FAE9D2AA26F82003460CD /* DetailUserRouterTests.swift */ = {isa = PBXFileReference; lastKnownFileType = sourcecode.swift; path = DetailUserRouterTests.swift; sourceTree = "<group>"; };
		FF8FAEA02AA27065003460CD /* DetailUserPresenterTests.swift */ = {isa = PBXFileReference; lastKnownFileType = sourcecode.swift; path = DetailUserPresenterTests.swift; sourceTree = "<group>"; };
		FF8FAEA32AA27154003460CD /* DetailUserViewControllerTests.swift */ = {isa = PBXFileReference; lastKnownFileType = sourcecode.swift; path = DetailUserViewControllerTests.swift; sourceTree = "<group>"; };
		FF8FAEA62AA27289003460CD /* DetailUserView.swift */ = {isa = PBXFileReference; lastKnownFileType = sourcecode.swift; path = DetailUserView.swift; sourceTree = "<group>"; };
		FF8FAEA92AA27369003460CD /* DetailUserModelTests.swift */ = {isa = PBXFileReference; lastKnownFileType = sourcecode.swift; path = DetailUserModelTests.swift; sourceTree = "<group>"; };
		FF8FAEAC2AA27504003460CD /* DetailUsersServiceTests.swift */ = {isa = PBXFileReference; lastKnownFileType = sourcecode.swift; path = DetailUsersServiceTests.swift; sourceTree = "<group>"; };
		FF8FAEB62AA27743003460CD /* RepoServiceTests.swift */ = {isa = PBXFileReference; lastKnownFileType = sourcecode.swift; path = RepoServiceTests.swift; sourceTree = "<group>"; };
		FF8FAEB82AA27770003460CD /* RepoModelTests.swift */ = {isa = PBXFileReference; lastKnownFileType = sourcecode.swift; path = RepoModelTests.swift; sourceTree = "<group>"; };
		FF8FAEBA2AA278A5003460CD /* RepoRouterTests.swift */ = {isa = PBXFileReference; lastKnownFileType = sourcecode.swift; path = RepoRouterTests.swift; sourceTree = "<group>"; };
		FF8FAEBC2AA2793F003460CD /* RepoInteractorTests.swift */ = {isa = PBXFileReference; lastKnownFileType = sourcecode.swift; path = RepoInteractorTests.swift; sourceTree = "<group>"; };
		FF8FAEBE2AA27AA4003460CD /* RepoPresenterTests.swift */ = {isa = PBXFileReference; lastKnownFileType = sourcecode.swift; path = RepoPresenterTests.swift; sourceTree = "<group>"; };
		FF9F62432A9E810400211D8C /* UserGithub.app */ = {isa = PBXFileReference; explicitFileType = wrapper.application; includeInIndex = 0; path = UserGithub.app; sourceTree = BUILT_PRODUCTS_DIR; };
		FF9F62462A9E810400211D8C /* AppDelegate.swift */ = {isa = PBXFileReference; lastKnownFileType = sourcecode.swift; path = AppDelegate.swift; sourceTree = "<group>"; };
		FF9F624A2A9E810400211D8C /* HomeViewController.swift */ = {isa = PBXFileReference; lastKnownFileType = sourcecode.swift; path = HomeViewController.swift; sourceTree = "<group>"; };
		FF9F624F2A9E810500211D8C /* Assets.xcassets */ = {isa = PBXFileReference; lastKnownFileType = folder.assetcatalog; path = Assets.xcassets; sourceTree = "<group>"; };
		FF9F62522A9E810500211D8C /* Base */ = {isa = PBXFileReference; lastKnownFileType = file.storyboard; name = Base; path = Base.lproj/LaunchScreen.storyboard; sourceTree = "<group>"; };
		FF9F62542A9E810500211D8C /* Info.plist */ = {isa = PBXFileReference; lastKnownFileType = text.plist.xml; path = Info.plist; sourceTree = "<group>"; };
		FF9F62592A9E810500211D8C /* UserGithubTests.xctest */ = {isa = PBXFileReference; explicitFileType = wrapper.cfbundle; includeInIndex = 0; path = UserGithubTests.xctest; sourceTree = BUILT_PRODUCTS_DIR; };
		FF9F625D2A9E810500211D8C /* UserGithubTests.swift */ = {isa = PBXFileReference; lastKnownFileType = sourcecode.swift; path = UserGithubTests.swift; sourceTree = "<group>"; };
		FF9F62632A9E810500211D8C /* UserGithubUITests.xctest */ = {isa = PBXFileReference; explicitFileType = wrapper.cfbundle; includeInIndex = 0; path = UserGithubUITests.xctest; sourceTree = BUILT_PRODUCTS_DIR; };
		FF9F62672A9E810500211D8C /* UserGithubUITests.swift */ = {isa = PBXFileReference; lastKnownFileType = sourcecode.swift; path = UserGithubUITests.swift; sourceTree = "<group>"; };
		FF9F62692A9E810500211D8C /* UserGithubUITestsLaunchTests.swift */ = {isa = PBXFileReference; lastKnownFileType = sourcecode.swift; path = UserGithubUITestsLaunchTests.swift; sourceTree = "<group>"; };
		FF9F627E2A9E891C00211D8C /* Spacing.swift */ = {isa = PBXFileReference; lastKnownFileType = sourcecode.swift; path = Spacing.swift; sourceTree = "<group>"; };
		FFAC7F4A2A9FC8D10037E963 /* DetailUserModel.swift */ = {isa = PBXFileReference; lastKnownFileType = sourcecode.swift; path = DetailUserModel.swift; sourceTree = "<group>"; };
		FFAC7F4C2A9FC98D0037E963 /* DetailUserServer.swift */ = {isa = PBXFileReference; lastKnownFileType = sourcecode.swift; path = DetailUserServer.swift; sourceTree = "<group>"; };
		FFAC7F4E2A9FCCA60037E963 /* DetailUserRouter.swift */ = {isa = PBXFileReference; lastKnownFileType = sourcecode.swift; path = DetailUserRouter.swift; sourceTree = "<group>"; };
		FFAC7F502A9FCCB40037E963 /* DetailRouterFactory.swift */ = {isa = PBXFileReference; lastKnownFileType = sourcecode.swift; path = DetailRouterFactory.swift; sourceTree = "<group>"; };
		FFAC7F522A9FCE090037E963 /* DetailUserInteractorBuilder.swift */ = {isa = PBXFileReference; lastKnownFileType = sourcecode.swift; path = DetailUserInteractorBuilder.swift; sourceTree = "<group>"; };
		FFAC7F542A9FCE490037E963 /* DetailUserInteractor.swift */ = {isa = PBXFileReference; lastKnownFileType = sourcecode.swift; path = DetailUserInteractor.swift; sourceTree = "<group>"; };
		FFAC7F562A9FCFDC0037E963 /* DetailUserPresenter.swift */ = {isa = PBXFileReference; lastKnownFileType = sourcecode.swift; path = DetailUserPresenter.swift; sourceTree = "<group>"; };
		FFAC7F582A9FD3D50037E963 /* DetailPresenterBuilder.swift */ = {isa = PBXFileReference; lastKnownFileType = sourcecode.swift; path = DetailPresenterBuilder.swift; sourceTree = "<group>"; };
		FFAC7F5A2A9FD4A20037E963 /* DetailUserViewController.swift */ = {isa = PBXFileReference; lastKnownFileType = sourcecode.swift; path = DetailUserViewController.swift; sourceTree = "<group>"; };
		FFAC7F5C2A9FE1A10037E963 /* DetailUserView.swift */ = {isa = PBXFileReference; lastKnownFileType = sourcecode.swift; path = DetailUserView.swift; sourceTree = "<group>"; };
		FFAC7F702AA02DEE0037E963 /* RepoModel.swift */ = {isa = PBXFileReference; lastKnownFileType = sourcecode.swift; path = RepoModel.swift; sourceTree = "<group>"; };
		FFAC7F722AA02F270037E963 /* RepoService.swift */ = {isa = PBXFileReference; lastKnownFileType = sourcecode.swift; path = RepoService.swift; sourceTree = "<group>"; };
		FFAC7F742AA030B60037E963 /* RepoRouterFactory.swift */ = {isa = PBXFileReference; lastKnownFileType = sourcecode.swift; path = RepoRouterFactory.swift; sourceTree = "<group>"; };
		FFAC7F762AA030C30037E963 /* RepoRouter.swift */ = {isa = PBXFileReference; lastKnownFileType = sourcecode.swift; path = RepoRouter.swift; sourceTree = "<group>"; };
		FFAC7F782AA031640037E963 /* RepoInteractorBuilder.swift */ = {isa = PBXFileReference; lastKnownFileType = sourcecode.swift; path = RepoInteractorBuilder.swift; sourceTree = "<group>"; };
		FFAC7F7A2AA031700037E963 /* RepoInteractor.swift */ = {isa = PBXFileReference; lastKnownFileType = sourcecode.swift; path = RepoInteractor.swift; sourceTree = "<group>"; };
		FFAC7F7C2AA032790037E963 /* RepoPresenter.swift */ = {isa = PBXFileReference; lastKnownFileType = sourcecode.swift; path = RepoPresenter.swift; sourceTree = "<group>"; };
		FFAC7F7E2AA033CC0037E963 /* RepoPresenterBuilder.swift */ = {isa = PBXFileReference; lastKnownFileType = sourcecode.swift; path = RepoPresenterBuilder.swift; sourceTree = "<group>"; };
		FFAC7F802AA0344B0037E963 /* RepoViewController.swift */ = {isa = PBXFileReference; lastKnownFileType = sourcecode.swift; path = RepoViewController.swift; sourceTree = "<group>"; };
		FFAC7F842AA0368C0037E963 /* RepoViewCell.swift */ = {isa = PBXFileReference; lastKnownFileType = sourcecode.swift; path = RepoViewCell.swift; sourceTree = "<group>"; };
		FFAC7F862AA036980037E963 /* RepoViewCellController.swift */ = {isa = PBXFileReference; lastKnownFileType = sourcecode.swift; path = RepoViewCellController.swift; sourceTree = "<group>"; };
		FFAC7F882AA037950037E963 /* RepoView.swift */ = {isa = PBXFileReference; lastKnownFileType = sourcecode.swift; path = RepoView.swift; sourceTree = "<group>"; };
		FFAC7F8A2AA0B9480037E963 /* InternetOutView.swift */ = {isa = PBXFileReference; lastKnownFileType = sourcecode.swift; path = InternetOutView.swift; sourceTree = "<group>"; };
		FFAC7F8C2AA0C9DA0037E963 /* ErrorView.swift */ = {isa = PBXFileReference; lastKnownFileType = sourcecode.swift; path = ErrorView.swift; sourceTree = "<group>"; };
		FFB017562AA27C5B003C52F1 /* RepoViewControllerTests.swift */ = {isa = PBXFileReference; lastKnownFileType = sourcecode.swift; path = RepoViewControllerTests.swift; sourceTree = "<group>"; };
		FFB017582AA27D3C003C52F1 /* RepoViewCellTests.swift */ = {isa = PBXFileReference; lastKnownFileType = sourcecode.swift; path = RepoViewCellTests.swift; sourceTree = "<group>"; };
		FFB0175A2AA28063003C52F1 /* RepoViewCellControllerTests.swift */ = {isa = PBXFileReference; lastKnownFileType = sourcecode.swift; path = RepoViewCellControllerTests.swift; sourceTree = "<group>"; };
		FFB0175C2AA281D6003C52F1 /* UserGithub.xctestplan */ = {isa = PBXFileReference; fileEncoding = 4; lastKnownFileType = text; path = UserGithub.xctestplan; sourceTree = "<group>"; };
		FFB9C0842A9EA25800A95A13 /* UIColor+Extension.swift */ = {isa = PBXFileReference; lastKnownFileType = sourcecode.swift; path = "UIColor+Extension.swift"; sourceTree = "<group>"; };
		FFB9C0CC2A9F556300A95A13 /* HomeRouter.swift */ = {isa = PBXFileReference; lastKnownFileType = sourcecode.swift; path = HomeRouter.swift; sourceTree = "<group>"; };
		FFB9C0CE2A9F574B00A95A13 /* HomeRouterFactory.swift */ = {isa = PBXFileReference; lastKnownFileType = sourcecode.swift; path = HomeRouterFactory.swift; sourceTree = "<group>"; };
		FFB9C0D02A9F5C2C00A95A13 /* UsersModel.swift */ = {isa = PBXFileReference; lastKnownFileType = sourcecode.swift; path = UsersModel.swift; sourceTree = "<group>"; };
		FFB9C0D22A9F5C8F00A95A13 /* UsersService.swift */ = {isa = PBXFileReference; lastKnownFileType = sourcecode.swift; path = UsersService.swift; sourceTree = "<group>"; };
		FFB9C0D52A9F5D4B00A95A13 /* API.swift */ = {isa = PBXFileReference; lastKnownFileType = sourcecode.swift; path = API.swift; sourceTree = "<group>"; };
		FFB9C0D72A9F5D8600A95A13 /* APIBuilder.swift */ = {isa = PBXFileReference; lastKnownFileType = sourcecode.swift; path = APIBuilder.swift; sourceTree = "<group>"; };
		FFB9C0DA2A9F5EA500A95A13 /* NetworkRequest.swift */ = {isa = PBXFileReference; lastKnownFileType = sourcecode.swift; path = NetworkRequest.swift; sourceTree = "<group>"; };
		FFB9C0DC2A9F5F1B00A95A13 /* Logs.swift */ = {isa = PBXFileReference; lastKnownFileType = sourcecode.swift; path = Logs.swift; sourceTree = "<group>"; };
		FFB9C0DE2A9F5FDF00A95A13 /* ReachabilityNotifier.swift */ = {isa = PBXFileReference; lastKnownFileType = sourcecode.swift; path = ReachabilityNotifier.swift; sourceTree = "<group>"; };
		FFB9C0E02A9F664700A95A13 /* APIFactory.swift */ = {isa = PBXFileReference; lastKnownFileType = sourcecode.swift; path = APIFactory.swift; sourceTree = "<group>"; };
		FFB9C0E22A9F6BBA00A95A13 /* HomeInteractorBuilder.swift */ = {isa = PBXFileReference; lastKnownFileType = sourcecode.swift; path = HomeInteractorBuilder.swift; sourceTree = "<group>"; };
		FFB9C0E42A9F6BF800A95A13 /* HomeInteractor.swift */ = {isa = PBXFileReference; lastKnownFileType = sourcecode.swift; path = HomeInteractor.swift; sourceTree = "<group>"; };
		FFB9C0E92A9F6F5C00A95A13 /* HomePresenterBuilder.swift */ = {isa = PBXFileReference; lastKnownFileType = sourcecode.swift; path = HomePresenterBuilder.swift; sourceTree = "<group>"; };
		FFB9C0EB2A9F6FE800A95A13 /* HomePresenter.swift */ = {isa = PBXFileReference; lastKnownFileType = sourcecode.swift; path = HomePresenter.swift; sourceTree = "<group>"; };
		FFB9C0ED2A9F731C00A95A13 /* UITableView+Extensions.swift */ = {isa = PBXFileReference; lastKnownFileType = sourcecode.swift; path = "UITableView+Extensions.swift"; sourceTree = "<group>"; };
		FFB9C0F12A9F735A00A95A13 /* UIView+Extension.swift */ = {isa = PBXFileReference; lastKnownFileType = sourcecode.swift; path = "UIView+Extension.swift"; sourceTree = "<group>"; };
		FFB9C0F32A9F745300A95A13 /* UserViewCell.swift */ = {isa = PBXFileReference; lastKnownFileType = sourcecode.swift; path = UserViewCell.swift; sourceTree = "<group>"; };
		FFB9C0FB2A9F759300A95A13 /* UserView.swift */ = {isa = PBXFileReference; lastKnownFileType = sourcecode.swift; path = UserView.swift; sourceTree = "<group>"; };
		FFB9C0FD2A9F772900A95A13 /* UserViewCellController.swift */ = {isa = PBXFileReference; lastKnownFileType = sourcecode.swift; path = UserViewCellController.swift; sourceTree = "<group>"; };
		FFB9C0FF2A9F926800A95A13 /* UINavigatorController+Extension.swift */ = {isa = PBXFileReference; lastKnownFileType = sourcecode.swift; path = "UINavigatorController+Extension.swift"; sourceTree = "<group>"; };
		FFF1DFB82AA24EF000249B32 /* HomeInteractorTests.swift */ = {isa = PBXFileReference; lastKnownFileType = sourcecode.swift; path = HomeInteractorTests.swift; sourceTree = "<group>"; };
		FFF1DFBF2AA250A000249B32 /* DetailUserInteractorTests.swift */ = {isa = PBXFileReference; lastKnownFileType = sourcecode.swift; path = DetailUserInteractorTests.swift; sourceTree = "<group>"; };
		FFF1DFC32AA2540700249B32 /* HomeViewControllerTests.swift */ = {isa = PBXFileReference; lastKnownFileType = sourcecode.swift; path = HomeViewControllerTests.swift; sourceTree = "<group>"; };
		FFF1DFC62AA2554C00249B32 /* HomePresenterTests.swift */ = {isa = PBXFileReference; lastKnownFileType = sourcecode.swift; path = HomePresenterTests.swift; sourceTree = "<group>"; };
		FFF1DFC92AA2558E00249B32 /* UsersServiceTests.swift */ = {isa = PBXFileReference; lastKnownFileType = sourcecode.swift; path = UsersServiceTests.swift; sourceTree = "<group>"; };
		FFF1DFCC2AA2564E00249B32 /* UsersModelTests.swift */ = {isa = PBXFileReference; lastKnownFileType = sourcecode.swift; path = UsersModelTests.swift; sourceTree = "<group>"; };
		FFF1DFCF2AA2571600249B32 /* HomeRouterTests.swift */ = {isa = PBXFileReference; lastKnownFileType = sourcecode.swift; path = HomeRouterTests.swift; sourceTree = "<group>"; };
/* End PBXFileReference section */

/* Begin PBXFrameworksBuildPhase section */
		FF9F62402A9E810400211D8C /* Frameworks */ = {
			isa = PBXFrameworksBuildPhase;
			buildActionMask = 2147483647;
			files = (
				559DD7B1B98E5388B7624F5F /* Pods_UserGithub.framework in Frameworks */,
			);
			runOnlyForDeploymentPostprocessing = 0;
		};
		FF9F62562A9E810500211D8C /* Frameworks */ = {
			isa = PBXFrameworksBuildPhase;
			buildActionMask = 2147483647;
			files = (
				6F16326BF56CC6DC8F25323E /* Pods_UserGithubTests.framework in Frameworks */,
			);
			runOnlyForDeploymentPostprocessing = 0;
		};
		FF9F62602A9E810500211D8C /* Frameworks */ = {
			isa = PBXFrameworksBuildPhase;
			buildActionMask = 2147483647;
			files = (
				0A636F765DBAC5229B956B33 /* Pods_UserGithubUITests.framework in Frameworks */,
			);
			runOnlyForDeploymentPostprocessing = 0;
		};
/* End PBXFrameworksBuildPhase section */

/* Begin PBXGroup section */
		D6E560F92FD76CFDFFF8EACC /* Pods */ = {
			isa = PBXGroup;
			children = (
				C928CBBE9CC9245B91531FDC /* Pods-UserGithub.debug.xcconfig */,
				5476540F75DC7CCFC8B46DA4 /* Pods-UserGithub.release.xcconfig */,
				50C4CBC1C2080718BCD8B865 /* Pods-UserGithub-UserGithubUITests.debug.xcconfig */,
				B92ABCA78CA5F185E444B99C /* Pods-UserGithub-UserGithubUITests.release.xcconfig */,
				4508A880B8752CFED156151A /* Pods-UserGithubTests.debug.xcconfig */,
				97799F0EBA3028CAE91E7A6C /* Pods-UserGithubTests.release.xcconfig */,
				EDE350B2DEBF7E87E9870033 /* Pods-UserGithubUITests.debug.xcconfig */,
				AB29BDED9E5C59B0087631A9 /* Pods-UserGithubUITests.release.xcconfig */,
			);
			path = Pods;
			sourceTree = "<group>";
		};
		DC2EB3B91D5D1A248E28AB23 /* Frameworks */ = {
			isa = PBXGroup;
			children = (
				3F75D4DA8B9EFFA51D1C7DE1 /* Pods_UserGithub.framework */,
				AAAB2B9C892CD6677001E4DF /* Pods_UserGithubTests.framework */,
				6FA49735281779185682280F /* Pods_UserGithubUITests.framework */,
			);
			name = Frameworks;
			sourceTree = "<group>";
		};
		FF8FAE752AA25F08003460CD /* View */ = {
			isa = PBXGroup;
			children = (
				FF8FAE762AA25F1B003460CD /* UserViewCellTests.swift */,
				FF8FAE782AA26113003460CD /* UserViewCellControllerTests.swift */,
			);
			path = View;
			sourceTree = "<group>";
		};
		FF8FAE7A2AA26434003460CD /* API */ = {
			isa = PBXGroup;
			children = (
				FF8FAE7B2AA26441003460CD /* APITests.swift */,
				FF8FAE7D2AA264CA003460CD /* APIBuilderTests.swift */,
				FF8FAE7F2AA26519003460CD /* ApiFactoryTests.swift */,
			);
			path = API;
			sourceTree = "<group>";
		};
		FF8FAE812AA26604003460CD /* Utils */ = {
			isa = PBXGroup;
			children = (
				FF8FAE822AA2660E003460CD /* Network */,
				FF8FAE852AA266E6003460CD /* SpacingTests.swift */,
			);
			path = Utils;
			sourceTree = "<group>";
		};
		FF8FAE822AA2660E003460CD /* Network */ = {
			isa = PBXGroup;
			children = (
				FF8FAE872AA26727003460CD /* NetworkRequestTests.swift */,
				FF8FAE892AA2682B003460CD /* ReachabilityNotifierTests.swift */,
			);
			path = Network;
			sourceTree = "<group>";
		};
		FF8FAE8B2AA268CB003460CD /* Extension */ = {
			isa = PBXGroup;
			children = (
				FF8FAE8C2AA268FA003460CD /* UIColorExtensionTests.swift */,
				FF8FAE902AA26AAE003460CD /* UIViewExtensionTests.swift */,
				FF8FAE922AA26B40003460CD /* UINavigatorControllerExtensionTests.swift */,
			);
			path = Extension;
			sourceTree = "<group>";
		};
		FF8FAE942AA26BC1003460CD /* Components */ = {
			isa = PBXGroup;
			children = (
				FF8FAE952AA26BD7003460CD /* UserViewTests.swift */,
				FF8FAE972AA26D55003460CD /* RepoViewTests.swift */,
				FF8FAE992AA26E5F003460CD /* InternetOutViewTests.swift */,
				FF8FAE9B2AA26EBA003460CD /* ErrorViewTests.swift */,
			);
			path = Components;
			sourceTree = "<group>";
		};
		FF8FAE9F2AA27059003460CD /* Presenter */ = {
			isa = PBXGroup;
			children = (
				FF8FAEA02AA27065003460CD /* DetailUserPresenterTests.swift */,
			);
			path = Presenter;
			sourceTree = "<group>";
		};
		FF8FAEA22AA27149003460CD /* ViewController */ = {
			isa = PBXGroup;
			children = (
				FF8FAEA32AA27154003460CD /* DetailUserViewControllerTests.swift */,
			);
			path = ViewController;
			sourceTree = "<group>";
		};
		FF8FAEA52AA2726C003460CD /* View */ = {
			isa = PBXGroup;
			children = (
				FF8FAEA62AA27289003460CD /* DetailUserView.swift */,
			);
			path = View;
			sourceTree = "<group>";
		};
		FF8FAEA82AA2734F003460CD /* Model */ = {
			isa = PBXGroup;
			children = (
				FF8FAEA92AA27369003460CD /* DetailUserModelTests.swift */,
			);
			path = Model;
			sourceTree = "<group>";
		};
		FF8FAEAB2AA274FC003460CD /* Service */ = {
			isa = PBXGroup;
			children = (
				FF8FAEAC2AA27504003460CD /* DetailUsersServiceTests.swift */,
			);
			path = Service;
			sourceTree = "<group>";
		};
		FF8FAEAE2AA27568003460CD /* Repos */ = {
			isa = PBXGroup;
			children = (
				FF8FAEB52AA2770B003460CD /* Router */,
				FF8FAEB42AA27704003460CD /* Interactor */,
				FF8FAEB32AA276FB003460CD /* Presenter */,
				FF8FAEB22AA276AF003460CD /* ViewController */,
				FF8FAEB02AA2766D003460CD /* View */,
				FF8FAEB12AA27673003460CD /* Model */,
				FF8FAEAF2AA27666003460CD /* Service */,
			);
			path = Repos;
			sourceTree = "<group>";
		};
		FF8FAEAF2AA27666003460CD /* Service */ = {
			isa = PBXGroup;
			children = (
				FF8FAEB62AA27743003460CD /* RepoServiceTests.swift */,
			);
			path = Service;
			sourceTree = "<group>";
		};
		FF8FAEB02AA2766D003460CD /* View */ = {
			isa = PBXGroup;
			children = (
				FFB017582AA27D3C003C52F1 /* RepoViewCellTests.swift */,
				FFB0175A2AA28063003C52F1 /* RepoViewCellControllerTests.swift */,
			);
			path = View;
			sourceTree = "<group>";
		};
		FF8FAEB12AA27673003460CD /* Model */ = {
			isa = PBXGroup;
			children = (
				FF8FAEB82AA27770003460CD /* RepoModelTests.swift */,
			);
			path = Model;
			sourceTree = "<group>";
		};
		FF8FAEB22AA276AF003460CD /* ViewController */ = {
			isa = PBXGroup;
			children = (
				FFB017562AA27C5B003C52F1 /* RepoViewControllerTests.swift */,
			);
			path = ViewController;
			sourceTree = "<group>";
		};
		FF8FAEB32AA276FB003460CD /* Presenter */ = {
			isa = PBXGroup;
			children = (
				FF8FAEBE2AA27AA4003460CD /* RepoPresenterTests.swift */,
			);
			path = Presenter;
			sourceTree = "<group>";
		};
		FF8FAEB42AA27704003460CD /* Interactor */ = {
			isa = PBXGroup;
			children = (
				FF8FAEBC2AA2793F003460CD /* RepoInteractorTests.swift */,
			);
			path = Interactor;
			sourceTree = "<group>";
		};
		FF8FAEB52AA2770B003460CD /* Router */ = {
			isa = PBXGroup;
			children = (
				FF8FAEBA2AA278A5003460CD /* RepoRouterTests.swift */,
			);
			path = Router;
			sourceTree = "<group>";
		};
		FF9F623A2A9E810400211D8C = {
			isa = PBXGroup;
			children = (
				FF9F62452A9E810400211D8C /* UserGithub */,
				FF9F625C2A9E810500211D8C /* UserGithubTests */,
				FF9F62662A9E810500211D8C /* UserGithubUITests */,
				FF9F62442A9E810400211D8C /* Products */,
				D6E560F92FD76CFDFFF8EACC /* Pods */,
				DC2EB3B91D5D1A248E28AB23 /* Frameworks */,
			);
			sourceTree = "<group>";
		};
		FF9F62442A9E810400211D8C /* Products */ = {
			isa = PBXGroup;
			children = (
				FF9F62432A9E810400211D8C /* UserGithub.app */,
				FF9F62592A9E810500211D8C /* UserGithubTests.xctest */,
				FF9F62632A9E810500211D8C /* UserGithubUITests.xctest */,
			);
			name = Products;
			sourceTree = "<group>";
		};
		FF9F62452A9E810400211D8C /* UserGithub */ = {
			isa = PBXGroup;
			children = (
				FF9F62542A9E810500211D8C /* Info.plist */,
				FF9F62822A9E89AE00211D8C /* Application */,
				FFB9C0D42A9F5D0300A95A13 /* API */,
				FFB9C0FA2A9F756500A95A13 /* Components */,
				FF9F62802A9E898800211D8C /* Product */,
				FF9F627B2A9E87BB00211D8C /* Extensions */,
				FF9F62762A9E83D000211D8C /* Utils */,
			);
			path = UserGithub;
			sourceTree = "<group>";
		};
		FF9F625C2A9E810500211D8C /* UserGithubTests */ = {
			isa = PBXGroup;
			children = (
				FFB0175C2AA281D6003C52F1 /* UserGithub.xctestplan */,
				FF9F625D2A9E810500211D8C /* UserGithubTests.swift */,
				FF8FAE7A2AA26434003460CD /* API */,
				FF8FAE942AA26BC1003460CD /* Components */,
				FFF1DFBA2AA2503D00249B32 /* Product */,
				FF8FAE812AA26604003460CD /* Utils */,
				FF8FAE8B2AA268CB003460CD /* Extension */,
			);
			path = UserGithubTests;
			sourceTree = "<group>";
		};
		FF9F62662A9E810500211D8C /* UserGithubUITests */ = {
			isa = PBXGroup;
			children = (
				FF9F62672A9E810500211D8C /* UserGithubUITests.swift */,
				FF9F62692A9E810500211D8C /* UserGithubUITestsLaunchTests.swift */,
			);
			path = UserGithubUITests;
			sourceTree = "<group>";
		};
		FF9F62762A9E83D000211D8C /* Utils */ = {
			isa = PBXGroup;
			children = (
				FFB9C0D92A9F5E8600A95A13 /* Network */,
				FF9F627E2A9E891C00211D8C /* Spacing.swift */,
				FFB9C0DC2A9F5F1B00A95A13 /* Logs.swift */,
			);
			path = Utils;
			sourceTree = "<group>";
		};
		FF9F627B2A9E87BB00211D8C /* Extensions */ = {
			isa = PBXGroup;
			children = (
				FFB9C0842A9EA25800A95A13 /* UIColor+Extension.swift */,
				FFB9C0ED2A9F731C00A95A13 /* UITableView+Extensions.swift */,
				FFB9C0F12A9F735A00A95A13 /* UIView+Extension.swift */,
				FFB9C0FF2A9F926800A95A13 /* UINavigatorController+Extension.swift */,
			);
			path = Extensions;
			sourceTree = "<group>";
		};
		FF9F62802A9E898800211D8C /* Product */ = {
			isa = PBXGroup;
			children = (
				FF9F62812A9E899400211D8C /* Home */,
				FFAC7F422A9FC81F0037E963 /* DetailUser */,
				FFAC7F682AA02D8A0037E963 /* Repos */,
			);
			path = Product;
			sourceTree = "<group>";
		};
		FF9F62812A9E899400211D8C /* Home */ = {
			isa = PBXGroup;
			children = (
				FFB9C0F52A9F745E00A95A13 /* Router */,
				FFB9C0E72A9F6EDC00A95A13 /* Interactor */,
				FFB9C0E82A9F6F3F00A95A13 /* Presenter */,
				FFB9C0F62A9F747600A95A13 /* ViewController */,
				FFB9C0F72A9F74D700A95A13 /* View */,
				FFB9C0F92A9F74F500A95A13 /* Model */,
				FFB9C0F82A9F74E900A95A13 /* Service */,
			);
			path = Home;
			sourceTree = "<group>";
		};
		FF9F62822A9E89AE00211D8C /* Application */ = {
			isa = PBXGroup;
			children = (
				FF9F62512A9E810500211D8C /* LaunchScreen.storyboard */,
				FF9F624F2A9E810500211D8C /* Assets.xcassets */,
				FF9F62462A9E810400211D8C /* AppDelegate.swift */,
			);
			path = Application;
			sourceTree = "<group>";
		};
		FFAC7F422A9FC81F0037E963 /* DetailUser */ = {
			isa = PBXGroup;
			children = (
				FFAC7F492A9FC8560037E963 /* Router */,
				FFAC7F482A9FC84F0037E963 /* Interactor */,
				FFAC7F472A9FC8490037E963 /* Presenter */,
				FFAC7F462A9FC8420037E963 /* ViewController */,
				FFAC7F452A9FC8390037E963 /* View */,
				FFAC7F442A9FC8310037E963 /* Model */,
				FFAC7F432A9FC8290037E963 /* Service */,
			);
			path = DetailUser;
			sourceTree = "<group>";
		};
		FFAC7F432A9FC8290037E963 /* Service */ = {
			isa = PBXGroup;
			children = (
				FFAC7F4C2A9FC98D0037E963 /* DetailUserServer.swift */,
			);
			path = Service;
			sourceTree = "<group>";
		};
		FFAC7F442A9FC8310037E963 /* Model */ = {
			isa = PBXGroup;
			children = (
				FFAC7F4A2A9FC8D10037E963 /* DetailUserModel.swift */,
			);
			path = Model;
			sourceTree = "<group>";
		};
		FFAC7F452A9FC8390037E963 /* View */ = {
			isa = PBXGroup;
			children = (
				FFAC7F5C2A9FE1A10037E963 /* DetailUserView.swift */,
			);
			path = View;
			sourceTree = "<group>";
		};
		FFAC7F462A9FC8420037E963 /* ViewController */ = {
			isa = PBXGroup;
			children = (
				FFAC7F5A2A9FD4A20037E963 /* DetailUserViewController.swift */,
			);
			path = ViewController;
			sourceTree = "<group>";
		};
		FFAC7F472A9FC8490037E963 /* Presenter */ = {
			isa = PBXGroup;
			children = (
				FFAC7F582A9FD3D50037E963 /* DetailPresenterBuilder.swift */,
				FFAC7F562A9FCFDC0037E963 /* DetailUserPresenter.swift */,
			);
			path = Presenter;
			sourceTree = "<group>";
		};
		FFAC7F482A9FC84F0037E963 /* Interactor */ = {
			isa = PBXGroup;
			children = (
				FFAC7F522A9FCE090037E963 /* DetailUserInteractorBuilder.swift */,
				FFAC7F542A9FCE490037E963 /* DetailUserInteractor.swift */,
			);
			path = Interactor;
			sourceTree = "<group>";
		};
		FFAC7F492A9FC8560037E963 /* Router */ = {
			isa = PBXGroup;
			children = (
				FFAC7F4E2A9FCCA60037E963 /* DetailUserRouter.swift */,
				FFAC7F502A9FCCB40037E963 /* DetailRouterFactory.swift */,
			);
			path = Router;
			sourceTree = "<group>";
		};
		FFAC7F682AA02D8A0037E963 /* Repos */ = {
			isa = PBXGroup;
			children = (
				FFAC7F6F2AA02DD80037E963 /* Router */,
				FFAC7F6E2AA02DCF0037E963 /* Interactor */,
				FFAC7F6D2AA02DC60037E963 /* Presenter */,
				FFAC7F6C2AA02DB90037E963 /* ViewController */,
				FFAC7F6B2AA02DB30037E963 /* View */,
				FFAC7F6A2AA02DAB0037E963 /* Model */,
				FFAC7F692AA02DA10037E963 /* Service */,
			);
			path = Repos;
			sourceTree = "<group>";
		};
		FFAC7F692AA02DA10037E963 /* Service */ = {
			isa = PBXGroup;
			children = (
				FFAC7F722AA02F270037E963 /* RepoService.swift */,
			);
			path = Service;
			sourceTree = "<group>";
		};
		FFAC7F6A2AA02DAB0037E963 /* Model */ = {
			isa = PBXGroup;
			children = (
				FFAC7F702AA02DEE0037E963 /* RepoModel.swift */,
			);
			path = Model;
			sourceTree = "<group>";
		};
		FFAC7F6B2AA02DB30037E963 /* View */ = {
			isa = PBXGroup;
			children = (
				FFAC7F842AA0368C0037E963 /* RepoViewCell.swift */,
				FFAC7F862AA036980037E963 /* RepoViewCellController.swift */,
			);
			path = View;
			sourceTree = "<group>";
		};
		FFAC7F6C2AA02DB90037E963 /* ViewController */ = {
			isa = PBXGroup;
			children = (
				FFAC7F802AA0344B0037E963 /* RepoViewController.swift */,
			);
			path = ViewController;
			sourceTree = "<group>";
		};
		FFAC7F6D2AA02DC60037E963 /* Presenter */ = {
			isa = PBXGroup;
			children = (
				FFAC7F7C2AA032790037E963 /* RepoPresenter.swift */,
				FFAC7F7E2AA033CC0037E963 /* RepoPresenterBuilder.swift */,
			);
			path = Presenter;
			sourceTree = "<group>";
		};
		FFAC7F6E2AA02DCF0037E963 /* Interactor */ = {
			isa = PBXGroup;
			children = (
				FFAC7F782AA031640037E963 /* RepoInteractorBuilder.swift */,
				FFAC7F7A2AA031700037E963 /* RepoInteractor.swift */,
			);
			path = Interactor;
			sourceTree = "<group>";
		};
		FFAC7F6F2AA02DD80037E963 /* Router */ = {
			isa = PBXGroup;
			children = (
				FFAC7F742AA030B60037E963 /* RepoRouterFactory.swift */,
				FFAC7F762AA030C30037E963 /* RepoRouter.swift */,
			);
			path = Router;
			sourceTree = "<group>";
		};
		FFB9C0D42A9F5D0300A95A13 /* API */ = {
			isa = PBXGroup;
			children = (
				FFB9C0D52A9F5D4B00A95A13 /* API.swift */,
				FFB9C0D72A9F5D8600A95A13 /* APIBuilder.swift */,
				FFB9C0E02A9F664700A95A13 /* APIFactory.swift */,
			);
			path = API;
			sourceTree = "<group>";
		};
		FFB9C0D92A9F5E8600A95A13 /* Network */ = {
			isa = PBXGroup;
			children = (
				FFB9C0DA2A9F5EA500A95A13 /* NetworkRequest.swift */,
				FFB9C0DE2A9F5FDF00A95A13 /* ReachabilityNotifier.swift */,
			);
			path = Network;
			sourceTree = "<group>";
		};
		FFB9C0E72A9F6EDC00A95A13 /* Interactor */ = {
			isa = PBXGroup;
			children = (
				FFB9C0E22A9F6BBA00A95A13 /* HomeInteractorBuilder.swift */,
				FFB9C0E42A9F6BF800A95A13 /* HomeInteractor.swift */,
			);
			path = Interactor;
			sourceTree = "<group>";
		};
		FFB9C0E82A9F6F3F00A95A13 /* Presenter */ = {
			isa = PBXGroup;
			children = (
				FFB9C0E92A9F6F5C00A95A13 /* HomePresenterBuilder.swift */,
				FFB9C0EB2A9F6FE800A95A13 /* HomePresenter.swift */,
			);
			path = Presenter;
			sourceTree = "<group>";
		};
		FFB9C0F52A9F745E00A95A13 /* Router */ = {
			isa = PBXGroup;
			children = (
				FFB9C0CC2A9F556300A95A13 /* HomeRouter.swift */,
				FFB9C0CE2A9F574B00A95A13 /* HomeRouterFactory.swift */,
			);
			path = Router;
			sourceTree = "<group>";
		};
		FFB9C0F62A9F747600A95A13 /* ViewController */ = {
			isa = PBXGroup;
			children = (
				FF9F624A2A9E810400211D8C /* HomeViewController.swift */,
			);
			path = ViewController;
			sourceTree = "<group>";
		};
		FFB9C0F72A9F74D700A95A13 /* View */ = {
			isa = PBXGroup;
			children = (
				FFB9C0F32A9F745300A95A13 /* UserViewCell.swift */,
				FFB9C0FD2A9F772900A95A13 /* UserViewCellController.swift */,
			);
			path = View;
			sourceTree = "<group>";
		};
		FFB9C0F82A9F74E900A95A13 /* Service */ = {
			isa = PBXGroup;
			children = (
				FFB9C0D22A9F5C8F00A95A13 /* UsersService.swift */,
			);
			path = Service;
			sourceTree = "<group>";
		};
		FFB9C0F92A9F74F500A95A13 /* Model */ = {
			isa = PBXGroup;
			children = (
				FFB9C0D02A9F5C2C00A95A13 /* UsersModel.swift */,
			);
			path = Model;
			sourceTree = "<group>";
		};
		FFB9C0FA2A9F756500A95A13 /* Components */ = {
			isa = PBXGroup;
			children = (
				FFB9C0FB2A9F759300A95A13 /* UserView.swift */,
				FFAC7F882AA037950037E963 /* RepoView.swift */,
				FFAC7F8A2AA0B9480037E963 /* InternetOutView.swift */,
				FFAC7F8C2AA0C9DA0037E963 /* ErrorView.swift */,
			);
			path = Components;
			sourceTree = "<group>";
		};
		FFF1DFBA2AA2503D00249B32 /* Product */ = {
			isa = PBXGroup;
			children = (
				FF8FAEAE2AA27568003460CD /* Repos */,
				FFF1DFBB2AA2504C00249B32 /* Home */,
				FFF1DFBD2AA2506500249B32 /* DetailUser */,
			);
			path = Product;
			sourceTree = "<group>";
		};
		FFF1DFBB2AA2504C00249B32 /* Home */ = {
			isa = PBXGroup;
			children = (
				FFF1DFCE2AA2570200249B32 /* Router */,
				FFF1DFBC2AA2505500249B32 /* Interactor */,
				FFF1DFC52AA2554000249B32 /* Presenter */,
				FFF1DFC22AA253DC00249B32 /* ViewController */,
				FF8FAE752AA25F08003460CD /* View */,
				FFF1DFCB2AA2564000249B32 /* Model */,
				FFF1DFC82AA2558000249B32 /* Service */,
			);
			path = Home;
			sourceTree = "<group>";
		};
		FFF1DFBC2AA2505500249B32 /* Interactor */ = {
			isa = PBXGroup;
			children = (
				FFF1DFB82AA24EF000249B32 /* HomeInteractorTests.swift */,
			);
			path = Interactor;
			sourceTree = "<group>";
		};
		FFF1DFBD2AA2506500249B32 /* DetailUser */ = {
			isa = PBXGroup;
			children = (
				FFF1DFC12AA253D300249B32 /* Router */,
				FFF1DFBE2AA2508B00249B32 /* Interactor */,
				FF8FAE9F2AA27059003460CD /* Presenter */,
				FF8FAEA22AA27149003460CD /* ViewController */,
				FF8FAEA52AA2726C003460CD /* View */,
				FF8FAEA82AA2734F003460CD /* Model */,
				FF8FAEAB2AA274FC003460CD /* Service */,
			);
			path = DetailUser;
			sourceTree = "<group>";
		};
		FFF1DFBE2AA2508B00249B32 /* Interactor */ = {
			isa = PBXGroup;
			children = (
				FFF1DFBF2AA250A000249B32 /* DetailUserInteractorTests.swift */,
			);
			path = Interactor;
			sourceTree = "<group>";
		};
		FFF1DFC12AA253D300249B32 /* Router */ = {
			isa = PBXGroup;
			children = (
				FF8FAE9D2AA26F82003460CD /* DetailUserRouterTests.swift */,
			);
			path = Router;
			sourceTree = "<group>";
		};
		FFF1DFC22AA253DC00249B32 /* ViewController */ = {
			isa = PBXGroup;
			children = (
				FFF1DFC32AA2540700249B32 /* HomeViewControllerTests.swift */,
			);
			path = ViewController;
			sourceTree = "<group>";
		};
		FFF1DFC52AA2554000249B32 /* Presenter */ = {
			isa = PBXGroup;
			children = (
				FFF1DFC62AA2554C00249B32 /* HomePresenterTests.swift */,
			);
			path = Presenter;
			sourceTree = "<group>";
		};
		FFF1DFC82AA2558000249B32 /* Service */ = {
			isa = PBXGroup;
			children = (
				FFF1DFC92AA2558E00249B32 /* UsersServiceTests.swift */,
			);
			path = Service;
			sourceTree = "<group>";
		};
		FFF1DFCB2AA2564000249B32 /* Model */ = {
			isa = PBXGroup;
			children = (
				FFF1DFCC2AA2564E00249B32 /* UsersModelTests.swift */,
			);
			path = Model;
			sourceTree = "<group>";
		};
		FFF1DFCE2AA2570200249B32 /* Router */ = {
			isa = PBXGroup;
			children = (
				FFF1DFCF2AA2571600249B32 /* HomeRouterTests.swift */,
			);
			path = Router;
			sourceTree = "<group>";
		};
/* End PBXGroup section */

/* Begin PBXNativeTarget section */
		FF9F62422A9E810400211D8C /* UserGithub */ = {
			isa = PBXNativeTarget;
			buildConfigurationList = FF9F626D2A9E810500211D8C /* Build configuration list for PBXNativeTarget "UserGithub" */;
			buildPhases = (
				32813AF002B48C58079B9860 /* [CP] Check Pods Manifest.lock */,
				FF9F623F2A9E810400211D8C /* Sources */,
				FF9F62402A9E810400211D8C /* Frameworks */,
				FF9F62412A9E810400211D8C /* Resources */,
				8765BD998097671F5B234E1E /* [CP] Embed Pods Frameworks */,
			);
			buildRules = (
			);
			dependencies = (
			);
			name = UserGithub;
			productName = UserGithub;
			productReference = FF9F62432A9E810400211D8C /* UserGithub.app */;
			productType = "com.apple.product-type.application";
		};
		FF9F62582A9E810500211D8C /* UserGithubTests */ = {
			isa = PBXNativeTarget;
			buildConfigurationList = FF9F62702A9E810500211D8C /* Build configuration list for PBXNativeTarget "UserGithubTests" */;
			buildPhases = (
				3913ACDFC9F489AA79808C3D /* [CP] Check Pods Manifest.lock */,
				FF9F62552A9E810500211D8C /* Sources */,
				FF9F62562A9E810500211D8C /* Frameworks */,
				FF9F62572A9E810500211D8C /* Resources */,
			);
			buildRules = (
			);
			dependencies = (
				FF9F625B2A9E810500211D8C /* PBXTargetDependency */,
			);
			name = UserGithubTests;
			productName = UserGithubTests;
			productReference = FF9F62592A9E810500211D8C /* UserGithubTests.xctest */;
			productType = "com.apple.product-type.bundle.unit-test";
		};
		FF9F62622A9E810500211D8C /* UserGithubUITests */ = {
			isa = PBXNativeTarget;
			buildConfigurationList = FF9F62732A9E810500211D8C /* Build configuration list for PBXNativeTarget "UserGithubUITests" */;
			buildPhases = (
				990ED7C8AB86532B5CF985E2 /* [CP] Check Pods Manifest.lock */,
				FF9F625F2A9E810500211D8C /* Sources */,
				FF9F62602A9E810500211D8C /* Frameworks */,
				FF9F62612A9E810500211D8C /* Resources */,
			);
			buildRules = (
			);
			dependencies = (
				FF9F62652A9E810500211D8C /* PBXTargetDependency */,
			);
			name = UserGithubUITests;
			productName = UserGithubUITests;
			productReference = FF9F62632A9E810500211D8C /* UserGithubUITests.xctest */;
			productType = "com.apple.product-type.bundle.ui-testing";
		};
/* End PBXNativeTarget section */

/* Begin PBXProject section */
		FF9F623B2A9E810400211D8C /* Project object */ = {
			isa = PBXProject;
			attributes = {
				BuildIndependentTargetsInParallel = 1;
				LastSwiftUpdateCheck = 1430;
				LastUpgradeCheck = 1430;
				TargetAttributes = {
					FF9F62422A9E810400211D8C = {
						CreatedOnToolsVersion = 14.3.1;
					};
					FF9F62582A9E810500211D8C = {
						CreatedOnToolsVersion = 14.3.1;
						TestTargetID = FF9F62422A9E810400211D8C;
					};
					FF9F62622A9E810500211D8C = {
						CreatedOnToolsVersion = 14.3.1;
						TestTargetID = FF9F62422A9E810400211D8C;
					};
				};
			};
			buildConfigurationList = FF9F623E2A9E810400211D8C /* Build configuration list for PBXProject "UserGithub" */;
			compatibilityVersion = "Xcode 14.0";
			developmentRegion = en;
			hasScannedForEncodings = 0;
			knownRegions = (
				en,
				Base,
			);
			mainGroup = FF9F623A2A9E810400211D8C;
			productRefGroup = FF9F62442A9E810400211D8C /* Products */;
			projectDirPath = "";
			projectRoot = "";
			targets = (
				FF9F62422A9E810400211D8C /* UserGithub */,
				FF9F62582A9E810500211D8C /* UserGithubTests */,
				FF9F62622A9E810500211D8C /* UserGithubUITests */,
			);
		};
/* End PBXProject section */

/* Begin PBXResourcesBuildPhase section */
		FF9F62412A9E810400211D8C /* Resources */ = {
			isa = PBXResourcesBuildPhase;
			buildActionMask = 2147483647;
			files = (
				FF9F62532A9E810500211D8C /* LaunchScreen.storyboard in Resources */,
				FF9F62502A9E810500211D8C /* Assets.xcassets in Resources */,
			);
			runOnlyForDeploymentPostprocessing = 0;
		};
		FF9F62572A9E810500211D8C /* Resources */ = {
			isa = PBXResourcesBuildPhase;
			buildActionMask = 2147483647;
			files = (
				FFB0175D2AA281D6003C52F1 /* UserGithub.xctestplan in Resources */,
			);
			runOnlyForDeploymentPostprocessing = 0;
		};
		FF9F62612A9E810500211D8C /* Resources */ = {
			isa = PBXResourcesBuildPhase;
			buildActionMask = 2147483647;
			files = (
			);
			runOnlyForDeploymentPostprocessing = 0;
		};
/* End PBXResourcesBuildPhase section */

/* Begin PBXShellScriptBuildPhase section */
		32813AF002B48C58079B9860 /* [CP] Check Pods Manifest.lock */ = {
			isa = PBXShellScriptBuildPhase;
			buildActionMask = 2147483647;
			files = (
			);
			inputFileListPaths = (
			);
			inputPaths = (
				"${PODS_PODFILE_DIR_PATH}/Podfile.lock",
				"${PODS_ROOT}/Manifest.lock",
			);
			name = "[CP] Check Pods Manifest.lock";
			outputFileListPaths = (
			);
			outputPaths = (
				"$(DERIVED_FILE_DIR)/Pods-UserGithub-checkManifestLockResult.txt",
			);
			runOnlyForDeploymentPostprocessing = 0;
			shellPath = /bin/sh;
			shellScript = "diff \"${PODS_PODFILE_DIR_PATH}/Podfile.lock\" \"${PODS_ROOT}/Manifest.lock\" > /dev/null\nif [ $? != 0 ] ; then\n    # print error to STDERR\n    echo \"error: The sandbox is not in sync with the Podfile.lock. Run 'pod install' or update your CocoaPods installation.\" >&2\n    exit 1\nfi\n# This output is used by Xcode 'outputs' to avoid re-running this script phase.\necho \"SUCCESS\" > \"${SCRIPT_OUTPUT_FILE_0}\"\n";
			showEnvVarsInLog = 0;
		};
		3913ACDFC9F489AA79808C3D /* [CP] Check Pods Manifest.lock */ = {
			isa = PBXShellScriptBuildPhase;
			buildActionMask = 2147483647;
			files = (
			);
			inputFileListPaths = (
			);
			inputPaths = (
				"${PODS_PODFILE_DIR_PATH}/Podfile.lock",
				"${PODS_ROOT}/Manifest.lock",
			);
			name = "[CP] Check Pods Manifest.lock";
			outputFileListPaths = (
			);
			outputPaths = (
				"$(DERIVED_FILE_DIR)/Pods-UserGithubTests-checkManifestLockResult.txt",
			);
			runOnlyForDeploymentPostprocessing = 0;
			shellPath = /bin/sh;
			shellScript = "diff \"${PODS_PODFILE_DIR_PATH}/Podfile.lock\" \"${PODS_ROOT}/Manifest.lock\" > /dev/null\nif [ $? != 0 ] ; then\n    # print error to STDERR\n    echo \"error: The sandbox is not in sync with the Podfile.lock. Run 'pod install' or update your CocoaPods installation.\" >&2\n    exit 1\nfi\n# This output is used by Xcode 'outputs' to avoid re-running this script phase.\necho \"SUCCESS\" > \"${SCRIPT_OUTPUT_FILE_0}\"\n";
			showEnvVarsInLog = 0;
		};
		8765BD998097671F5B234E1E /* [CP] Embed Pods Frameworks */ = {
			isa = PBXShellScriptBuildPhase;
			buildActionMask = 2147483647;
			files = (
			);
			inputFileListPaths = (
				"${PODS_ROOT}/Target Support Files/Pods-UserGithub/Pods-UserGithub-frameworks-${CONFIGURATION}-input-files.xcfilelist",
			);
			name = "[CP] Embed Pods Frameworks";
			outputFileListPaths = (
				"${PODS_ROOT}/Target Support Files/Pods-UserGithub/Pods-UserGithub-frameworks-${CONFIGURATION}-output-files.xcfilelist",
			);
			runOnlyForDeploymentPostprocessing = 0;
			shellPath = /bin/sh;
			shellScript = "\"${PODS_ROOT}/Target Support Files/Pods-UserGithub/Pods-UserGithub-frameworks.sh\"\n";
			showEnvVarsInLog = 0;
		};
		990ED7C8AB86532B5CF985E2 /* [CP] Check Pods Manifest.lock */ = {
			isa = PBXShellScriptBuildPhase;
			buildActionMask = 2147483647;
			files = (
			);
			inputFileListPaths = (
			);
			inputPaths = (
				"${PODS_PODFILE_DIR_PATH}/Podfile.lock",
				"${PODS_ROOT}/Manifest.lock",
			);
			name = "[CP] Check Pods Manifest.lock";
			outputFileListPaths = (
			);
			outputPaths = (
				"$(DERIVED_FILE_DIR)/Pods-UserGithubUITests-checkManifestLockResult.txt",
			);
			runOnlyForDeploymentPostprocessing = 0;
			shellPath = /bin/sh;
			shellScript = "diff \"${PODS_PODFILE_DIR_PATH}/Podfile.lock\" \"${PODS_ROOT}/Manifest.lock\" > /dev/null\nif [ $? != 0 ] ; then\n    # print error to STDERR\n    echo \"error: The sandbox is not in sync with the Podfile.lock. Run 'pod install' or update your CocoaPods installation.\" >&2\n    exit 1\nfi\n# This output is used by Xcode 'outputs' to avoid re-running this script phase.\necho \"SUCCESS\" > \"${SCRIPT_OUTPUT_FILE_0}\"\n";
			showEnvVarsInLog = 0;
		};
/* End PBXShellScriptBuildPhase section */

/* Begin PBXSourcesBuildPhase section */
		FF9F623F2A9E810400211D8C /* Sources */ = {
			isa = PBXSourcesBuildPhase;
			buildActionMask = 2147483647;
			files = (
				FFAC7F7D2AA032790037E963 /* RepoPresenter.swift in Sources */,
				FFAC7F892AA037950037E963 /* RepoView.swift in Sources */,
				FFB9C0E32A9F6BBA00A95A13 /* HomeInteractorBuilder.swift in Sources */,
				FFAC7F852AA0368C0037E963 /* RepoViewCell.swift in Sources */,
				FFAC7F8D2AA0C9DA0037E963 /* ErrorView.swift in Sources */,
				FFB9C0DF2A9F5FDF00A95A13 /* ReachabilityNotifier.swift in Sources */,
				FFAC7F7F2AA033CC0037E963 /* RepoPresenterBuilder.swift in Sources */,
				FFAC7F532A9FCE090037E963 /* DetailUserInteractorBuilder.swift in Sources */,
				FFB9C0E52A9F6BF800A95A13 /* HomeInteractor.swift in Sources */,
				FFAC7F4F2A9FCCA60037E963 /* DetailUserRouter.swift in Sources */,
				FFAC7F8B2AA0B9480037E963 /* InternetOutView.swift in Sources */,
				FFAC7F772AA030C30037E963 /* RepoRouter.swift in Sources */,
				FFAC7F4B2A9FC8D10037E963 /* DetailUserModel.swift in Sources */,
				FF9F627F2A9E891C00211D8C /* Spacing.swift in Sources */,
				FFAC7F752AA030B60037E963 /* RepoRouterFactory.swift in Sources */,
				FFAC7F7B2AA031700037E963 /* RepoInteractor.swift in Sources */,
				FFB9C0FE2A9F772900A95A13 /* UserViewCellController.swift in Sources */,
				FFAC7F5D2A9FE1A10037E963 /* DetailUserView.swift in Sources */,
				FFAC7F5B2A9FD4A20037E963 /* DetailUserViewController.swift in Sources */,
				FFB9C0852A9EA25800A95A13 /* UIColor+Extension.swift in Sources */,
				FFAC7F592A9FD3D50037E963 /* DetailPresenterBuilder.swift in Sources */,
				FFB9C0DD2A9F5F1B00A95A13 /* Logs.swift in Sources */,
				FFAC7F712AA02DEE0037E963 /* RepoModel.swift in Sources */,
				FFB9C0D62A9F5D4B00A95A13 /* API.swift in Sources */,
				FFB9C0EA2A9F6F5C00A95A13 /* HomePresenterBuilder.swift in Sources */,
				FFB9C0CD2A9F556300A95A13 /* HomeRouter.swift in Sources */,
				FFB9C0EE2A9F731C00A95A13 /* UITableView+Extensions.swift in Sources */,
				FFAC7F812AA0344B0037E963 /* RepoViewController.swift in Sources */,
				FFAC7F732AA02F270037E963 /* RepoService.swift in Sources */,
				FFB9C0E12A9F664700A95A13 /* APIFactory.swift in Sources */,
				FFAC7F512A9FCCB40037E963 /* DetailRouterFactory.swift in Sources */,
				FFAC7F552A9FCE490037E963 /* DetailUserInteractor.swift in Sources */,
				FFB9C0D32A9F5C8F00A95A13 /* UsersService.swift in Sources */,
				FF9F624B2A9E810400211D8C /* HomeViewController.swift in Sources */,
				FFB9C1002A9F926800A95A13 /* UINavigatorController+Extension.swift in Sources */,
				FFB9C0F42A9F745300A95A13 /* UserViewCell.swift in Sources */,
				FF9F62472A9E810400211D8C /* AppDelegate.swift in Sources */,
				FFB9C0F22A9F735A00A95A13 /* UIView+Extension.swift in Sources */,
				FFAC7F572A9FCFDC0037E963 /* DetailUserPresenter.swift in Sources */,
				FFB9C0D12A9F5C2C00A95A13 /* UsersModel.swift in Sources */,
				FFB9C0D82A9F5D8600A95A13 /* APIBuilder.swift in Sources */,
				FFAC7F792AA031640037E963 /* RepoInteractorBuilder.swift in Sources */,
				FFAC7F4D2A9FC98D0037E963 /* DetailUserServer.swift in Sources */,
				FFB9C0CF2A9F574B00A95A13 /* HomeRouterFactory.swift in Sources */,
				FFAC7F872AA036980037E963 /* RepoViewCellController.swift in Sources */,
				FFB9C0FC2A9F759300A95A13 /* UserView.swift in Sources */,
				FFB9C0DB2A9F5EA500A95A13 /* NetworkRequest.swift in Sources */,
				FFB9C0EC2A9F6FE800A95A13 /* HomePresenter.swift in Sources */,
			);
			runOnlyForDeploymentPostprocessing = 0;
		};
		FF9F62552A9E810500211D8C /* Sources */ = {
			isa = PBXSourcesBuildPhase;
			buildActionMask = 2147483647;
			files = (
				FF8FAE7C2AA26441003460CD /* APITests.swift in Sources */,
				FFF1DFCA2AA2558E00249B32 /* UsersServiceTests.swift in Sources */,
				FF9F625E2A9E810500211D8C /* UserGithubTests.swift in Sources */,
				FFF1DFC02AA250A000249B32 /* DetailUserInteractorTests.swift in Sources */,
				FF8FAEBD2AA2793F003460CD /* RepoInteractorTests.swift in Sources */,
				FF8FAE9A2AA26E5F003460CD /* InternetOutViewTests.swift in Sources */,
				FF8FAE912AA26AAE003460CD /* UIViewExtensionTests.swift in Sources */,
				FF8FAEA72AA27289003460CD /* DetailUserView.swift in Sources */,
				FFB0175B2AA28063003C52F1 /* RepoViewCellControllerTests.swift in Sources */,
				FF8FAEAA2AA27369003460CD /* DetailUserModelTests.swift in Sources */,
				FF8FAE8D2AA268FA003460CD /* UIColorExtensionTests.swift in Sources */,
				FFB017592AA27D3C003C52F1 /* RepoViewCellTests.swift in Sources */,
				FF8FAE7E2AA264CA003460CD /* APIBuilderTests.swift in Sources */,
				FFF1DFB92AA24EF000249B32 /* HomeInteractorTests.swift in Sources */,
				FFF1DFCD2AA2564E00249B32 /* UsersModelTests.swift in Sources */,
				FF8FAE862AA266E6003460CD /* SpacingTests.swift in Sources */,
				FFB017572AA27C5B003C52F1 /* RepoViewControllerTests.swift in Sources */,
				FF8FAEB92AA27770003460CD /* RepoModelTests.swift in Sources */,
				FFF1DFD02AA2571600249B32 /* HomeRouterTests.swift in Sources */,
				FF8FAE772AA25F1B003460CD /* UserViewCellTests.swift in Sources */,
				FFF1DFC72AA2554C00249B32 /* HomePresenterTests.swift in Sources */,
				FF8FAE932AA26B40003460CD /* UINavigatorControllerExtensionTests.swift in Sources */,
				FF8FAE9C2AA26EBA003460CD /* ErrorViewTests.swift in Sources */,
				FFF1DFC42AA2540700249B32 /* HomeViewControllerTests.swift in Sources */,
				FF8FAE962AA26BD7003460CD /* UserViewTests.swift in Sources */,
				FF8FAEAD2AA27504003460CD /* DetailUsersServiceTests.swift in Sources */,
				FF8FAE802AA26519003460CD /* ApiFactoryTests.swift in Sources */,
				FF8FAE792AA26113003460CD /* UserViewCellControllerTests.swift in Sources */,
				FF8FAE9E2AA26F82003460CD /* DetailUserRouterTests.swift in Sources */,
				FF8FAE8A2AA2682B003460CD /* ReachabilityNotifierTests.swift in Sources */,
				FF8FAEBB2AA278A5003460CD /* RepoRouterTests.swift in Sources */,
				FF8FAEA12AA27065003460CD /* DetailUserPresenterTests.swift in Sources */,
				FF8FAE882AA26727003460CD /* NetworkRequestTests.swift in Sources */,
				FF8FAEB72AA27743003460CD /* RepoServiceTests.swift in Sources */,
				FF8FAEA42AA27154003460CD /* DetailUserViewControllerTests.swift in Sources */,
				FF8FAEBF2AA27AA4003460CD /* RepoPresenterTests.swift in Sources */,
				FF8FAE982AA26D55003460CD /* RepoViewTests.swift in Sources */,
			);
			runOnlyForDeploymentPostprocessing = 0;
		};
		FF9F625F2A9E810500211D8C /* Sources */ = {
			isa = PBXSourcesBuildPhase;
			buildActionMask = 2147483647;
			files = (
				FF9F626A2A9E810500211D8C /* UserGithubUITestsLaunchTests.swift in Sources */,
				FF9F62682A9E810500211D8C /* UserGithubUITests.swift in Sources */,
			);
			runOnlyForDeploymentPostprocessing = 0;
		};
/* End PBXSourcesBuildPhase section */

/* Begin PBXTargetDependency section */
		FF9F625B2A9E810500211D8C /* PBXTargetDependency */ = {
			isa = PBXTargetDependency;
			target = FF9F62422A9E810400211D8C /* UserGithub */;
			targetProxy = FF9F625A2A9E810500211D8C /* PBXContainerItemProxy */;
		};
		FF9F62652A9E810500211D8C /* PBXTargetDependency */ = {
			isa = PBXTargetDependency;
			target = FF9F62422A9E810400211D8C /* UserGithub */;
			targetProxy = FF9F62642A9E810500211D8C /* PBXContainerItemProxy */;
		};
/* End PBXTargetDependency section */

/* Begin PBXVariantGroup section */
		FF9F62512A9E810500211D8C /* LaunchScreen.storyboard */ = {
			isa = PBXVariantGroup;
			children = (
				FF9F62522A9E810500211D8C /* Base */,
			);
			name = LaunchScreen.storyboard;
			sourceTree = "<group>";
		};
/* End PBXVariantGroup section */

/* Begin XCBuildConfiguration section */
		FF9F626B2A9E810500211D8C /* Debug */ = {
			isa = XCBuildConfiguration;
			buildSettings = {
				ALWAYS_SEARCH_USER_PATHS = NO;
				CLANG_ANALYZER_NONNULL = YES;
				CLANG_ANALYZER_NUMBER_OBJECT_CONVERSION = YES_AGGRESSIVE;
				CLANG_CXX_LANGUAGE_STANDARD = "gnu++20";
				CLANG_ENABLE_MODULES = YES;
				CLANG_ENABLE_OBJC_ARC = YES;
				CLANG_ENABLE_OBJC_WEAK = YES;
				CLANG_WARN_BLOCK_CAPTURE_AUTORELEASING = YES;
				CLANG_WARN_BOOL_CONVERSION = YES;
				CLANG_WARN_COMMA = YES;
				CLANG_WARN_CONSTANT_CONVERSION = YES;
				CLANG_WARN_DEPRECATED_OBJC_IMPLEMENTATIONS = YES;
				CLANG_WARN_DIRECT_OBJC_ISA_USAGE = YES_ERROR;
				CLANG_WARN_DOCUMENTATION_COMMENTS = YES;
				CLANG_WARN_EMPTY_BODY = YES;
				CLANG_WARN_ENUM_CONVERSION = YES;
				CLANG_WARN_INFINITE_RECURSION = YES;
				CLANG_WARN_INT_CONVERSION = YES;
				CLANG_WARN_NON_LITERAL_NULL_CONVERSION = YES;
				CLANG_WARN_OBJC_IMPLICIT_RETAIN_SELF = YES;
				CLANG_WARN_OBJC_LITERAL_CONVERSION = YES;
				CLANG_WARN_OBJC_ROOT_CLASS = YES_ERROR;
				CLANG_WARN_QUOTED_INCLUDE_IN_FRAMEWORK_HEADER = YES;
				CLANG_WARN_RANGE_LOOP_ANALYSIS = YES;
				CLANG_WARN_STRICT_PROTOTYPES = YES;
				CLANG_WARN_SUSPICIOUS_MOVE = YES;
				CLANG_WARN_UNGUARDED_AVAILABILITY = YES_AGGRESSIVE;
				CLANG_WARN_UNREACHABLE_CODE = YES;
				CLANG_WARN__DUPLICATE_METHOD_MATCH = YES;
				COPY_PHASE_STRIP = NO;
				DEBUG_INFORMATION_FORMAT = dwarf;
				ENABLE_STRICT_OBJC_MSGSEND = YES;
				ENABLE_TESTABILITY = YES;
				GCC_C_LANGUAGE_STANDARD = gnu11;
				GCC_DYNAMIC_NO_PIC = NO;
				GCC_NO_COMMON_BLOCKS = YES;
				GCC_OPTIMIZATION_LEVEL = 0;
				GCC_PREPROCESSOR_DEFINITIONS = (
					"DEBUG=1",
					"$(inherited)",
				);
				GCC_WARN_64_TO_32_BIT_CONVERSION = YES;
				GCC_WARN_ABOUT_RETURN_TYPE = YES_ERROR;
				GCC_WARN_UNDECLARED_SELECTOR = YES;
				GCC_WARN_UNINITIALIZED_AUTOS = YES_AGGRESSIVE;
				GCC_WARN_UNUSED_FUNCTION = YES;
				GCC_WARN_UNUSED_VARIABLE = YES;
				IPHONEOS_DEPLOYMENT_TARGET = 13.0;
				MTL_ENABLE_DEBUG_INFO = INCLUDE_SOURCE;
				MTL_FAST_MATH = YES;
				ONLY_ACTIVE_ARCH = YES;
				SDKROOT = iphoneos;
				SWIFT_ACTIVE_COMPILATION_CONDITIONS = DEBUG;
				SWIFT_OPTIMIZATION_LEVEL = "-Onone";
			};
			name = Debug;
		};
		FF9F626C2A9E810500211D8C /* Release */ = {
			isa = XCBuildConfiguration;
			buildSettings = {
				ALWAYS_SEARCH_USER_PATHS = NO;
				CLANG_ANALYZER_NONNULL = YES;
				CLANG_ANALYZER_NUMBER_OBJECT_CONVERSION = YES_AGGRESSIVE;
				CLANG_CXX_LANGUAGE_STANDARD = "gnu++20";
				CLANG_ENABLE_MODULES = YES;
				CLANG_ENABLE_OBJC_ARC = YES;
				CLANG_ENABLE_OBJC_WEAK = YES;
				CLANG_WARN_BLOCK_CAPTURE_AUTORELEASING = YES;
				CLANG_WARN_BOOL_CONVERSION = YES;
				CLANG_WARN_COMMA = YES;
				CLANG_WARN_CONSTANT_CONVERSION = YES;
				CLANG_WARN_DEPRECATED_OBJC_IMPLEMENTATIONS = YES;
				CLANG_WARN_DIRECT_OBJC_ISA_USAGE = YES_ERROR;
				CLANG_WARN_DOCUMENTATION_COMMENTS = YES;
				CLANG_WARN_EMPTY_BODY = YES;
				CLANG_WARN_ENUM_CONVERSION = YES;
				CLANG_WARN_INFINITE_RECURSION = YES;
				CLANG_WARN_INT_CONVERSION = YES;
				CLANG_WARN_NON_LITERAL_NULL_CONVERSION = YES;
				CLANG_WARN_OBJC_IMPLICIT_RETAIN_SELF = YES;
				CLANG_WARN_OBJC_LITERAL_CONVERSION = YES;
				CLANG_WARN_OBJC_ROOT_CLASS = YES_ERROR;
				CLANG_WARN_QUOTED_INCLUDE_IN_FRAMEWORK_HEADER = YES;
				CLANG_WARN_RANGE_LOOP_ANALYSIS = YES;
				CLANG_WARN_STRICT_PROTOTYPES = YES;
				CLANG_WARN_SUSPICIOUS_MOVE = YES;
				CLANG_WARN_UNGUARDED_AVAILABILITY = YES_AGGRESSIVE;
				CLANG_WARN_UNREACHABLE_CODE = YES;
				CLANG_WARN__DUPLICATE_METHOD_MATCH = YES;
				COPY_PHASE_STRIP = NO;
				DEBUG_INFORMATION_FORMAT = "dwarf-with-dsym";
				ENABLE_NS_ASSERTIONS = NO;
				ENABLE_STRICT_OBJC_MSGSEND = YES;
				GCC_C_LANGUAGE_STANDARD = gnu11;
				GCC_NO_COMMON_BLOCKS = YES;
				GCC_WARN_64_TO_32_BIT_CONVERSION = YES;
				GCC_WARN_ABOUT_RETURN_TYPE = YES_ERROR;
				GCC_WARN_UNDECLARED_SELECTOR = YES;
				GCC_WARN_UNINITIALIZED_AUTOS = YES_AGGRESSIVE;
				GCC_WARN_UNUSED_FUNCTION = YES;
				GCC_WARN_UNUSED_VARIABLE = YES;
				IPHONEOS_DEPLOYMENT_TARGET = 13.0;
				MTL_ENABLE_DEBUG_INFO = NO;
				MTL_FAST_MATH = YES;
				SDKROOT = iphoneos;
				SWIFT_COMPILATION_MODE = wholemodule;
				SWIFT_OPTIMIZATION_LEVEL = "-O";
				VALIDATE_PRODUCT = YES;
			};
			name = Release;
		};
		FF9F626E2A9E810500211D8C /* Debug */ = {
			isa = XCBuildConfiguration;
			baseConfigurationReference = C928CBBE9CC9245B91531FDC /* Pods-UserGithub.debug.xcconfig */;
			buildSettings = {
				ASSETCATALOG_COMPILER_APPICON_NAME = AppIcon;
				ASSETCATALOG_COMPILER_GLOBAL_ACCENT_COLOR_NAME = AccentColor;
				CODE_SIGN_STYLE = Manual;
				CURRENT_PROJECT_VERSION = 1;
				DEVELOPMENT_TEAM = "";
				GENERATE_INFOPLIST_FILE = YES;
				INFOPLIST_FILE = UserGithub/Info.plist;
				INFOPLIST_KEY_UIApplicationSupportsIndirectInputEvents = YES;
				INFOPLIST_KEY_UILaunchStoryboardName = LaunchScreen.storyboard;
				INFOPLIST_KEY_UIRequiresFullScreen = NO;
				INFOPLIST_KEY_UIStatusBarStyle = "";
				INFOPLIST_KEY_UISupportedInterfaceOrientations_iPad = "UIInterfaceOrientationPortrait UIInterfaceOrientationPortraitUpsideDown UIInterfaceOrientationLandscapeLeft UIInterfaceOrientationLandscapeRight";
				INFOPLIST_KEY_UISupportedInterfaceOrientations_iPhone = "UIInterfaceOrientationPortrait UIInterfaceOrientationLandscapeLeft UIInterfaceOrientationLandscapeRight";
				IPHONEOS_DEPLOYMENT_TARGET = 13.0;
				LD_RUNPATH_SEARCH_PATHS = (
					"$(inherited)",
					"@executable_path/Frameworks",
				);
				MARKETING_VERSION = 1.0;
				PRODUCT_BUNDLE_IDENTIFIER = br.com.renatoferraz.UserGithub;
				PRODUCT_NAME = "$(TARGET_NAME)";
				PROVISIONING_PROFILE_SPECIFIER = "";
				SUPPORTED_PLATFORMS = "iphoneos iphonesimulator";
				SUPPORTS_MACCATALYST = NO;
				SUPPORTS_MAC_DESIGNED_FOR_IPHONE_IPAD = NO;
				SWIFT_EMIT_LOC_STRINGS = YES;
				SWIFT_VERSION = 5.0;
				TARGETED_DEVICE_FAMILY = "1,2";
			};
			name = Debug;
		};
		FF9F626F2A9E810500211D8C /* Release */ = {
			isa = XCBuildConfiguration;
			baseConfigurationReference = 5476540F75DC7CCFC8B46DA4 /* Pods-UserGithub.release.xcconfig */;
			buildSettings = {
				ASSETCATALOG_COMPILER_APPICON_NAME = AppIcon;
				ASSETCATALOG_COMPILER_GLOBAL_ACCENT_COLOR_NAME = AccentColor;
				CODE_SIGN_STYLE = Manual;
				CURRENT_PROJECT_VERSION = 1;
				DEVELOPMENT_TEAM = "";
				GENERATE_INFOPLIST_FILE = YES;
				INFOPLIST_FILE = UserGithub/Info.plist;
				INFOPLIST_KEY_UIApplicationSupportsIndirectInputEvents = YES;
				INFOPLIST_KEY_UILaunchStoryboardName = LaunchScreen.storyboard;
				INFOPLIST_KEY_UIRequiresFullScreen = NO;
				INFOPLIST_KEY_UIStatusBarStyle = "";
				INFOPLIST_KEY_UISupportedInterfaceOrientations_iPad = "UIInterfaceOrientationPortrait UIInterfaceOrientationPortraitUpsideDown UIInterfaceOrientationLandscapeLeft UIInterfaceOrientationLandscapeRight";
				INFOPLIST_KEY_UISupportedInterfaceOrientations_iPhone = "UIInterfaceOrientationPortrait UIInterfaceOrientationLandscapeLeft UIInterfaceOrientationLandscapeRight";
				IPHONEOS_DEPLOYMENT_TARGET = 13.0;
				LD_RUNPATH_SEARCH_PATHS = (
					"$(inherited)",
					"@executable_path/Frameworks",
				);
				MARKETING_VERSION = 1.0;
				PRODUCT_BUNDLE_IDENTIFIER = br.com.renatoferraz.UserGithub;
				PRODUCT_NAME = "$(TARGET_NAME)";
				PROVISIONING_PROFILE_SPECIFIER = "";
				SUPPORTED_PLATFORMS = "iphoneos iphonesimulator";
				SUPPORTS_MACCATALYST = NO;
				SUPPORTS_MAC_DESIGNED_FOR_IPHONE_IPAD = NO;
				SWIFT_EMIT_LOC_STRINGS = YES;
				SWIFT_VERSION = 5.0;
				TARGETED_DEVICE_FAMILY = "1,2";
			};
			name = Release;
		};
		FF9F62712A9E810500211D8C /* Debug */ = {
			isa = XCBuildConfiguration;
			baseConfigurationReference = 4508A880B8752CFED156151A /* Pods-UserGithubTests.debug.xcconfig */;
			buildSettings = {
				ALWAYS_EMBED_SWIFT_STANDARD_LIBRARIES = YES;
				BUNDLE_LOADER = "$(TEST_HOST)";
				CODE_SIGN_STYLE = Automatic;
				CURRENT_PROJECT_VERSION = 1;
				GENERATE_INFOPLIST_FILE = YES;
				IPHONEOS_DEPLOYMENT_TARGET = 16.4;
				MARKETING_VERSION = 1.0;
				PRODUCT_BUNDLE_IDENTIFIER = br.com.renatoferraz.UserGithubTests;
				PRODUCT_NAME = "$(TARGET_NAME)";
				SWIFT_EMIT_LOC_STRINGS = NO;
				SWIFT_VERSION = 5.0;
				TARGETED_DEVICE_FAMILY = "1,2";
				TEST_HOST = "$(BUILT_PRODUCTS_DIR)/UserGithub.app/$(BUNDLE_EXECUTABLE_FOLDER_PATH)/UserGithub";
			};
			name = Debug;
		};
		FF9F62722A9E810500211D8C /* Release */ = {
			isa = XCBuildConfiguration;
			baseConfigurationReference = 97799F0EBA3028CAE91E7A6C /* Pods-UserGithubTests.release.xcconfig */;
			buildSettings = {
				ALWAYS_EMBED_SWIFT_STANDARD_LIBRARIES = YES;
				BUNDLE_LOADER = "$(TEST_HOST)";
				CODE_SIGN_STYLE = Automatic;
				CURRENT_PROJECT_VERSION = 1;
				GENERATE_INFOPLIST_FILE = YES;
				IPHONEOS_DEPLOYMENT_TARGET = 16.4;
				MARKETING_VERSION = 1.0;
				PRODUCT_BUNDLE_IDENTIFIER = br.com.renatoferraz.UserGithubTests;
				PRODUCT_NAME = "$(TARGET_NAME)";
				SWIFT_EMIT_LOC_STRINGS = NO;
				SWIFT_VERSION = 5.0;
				TARGETED_DEVICE_FAMILY = "1,2";
				TEST_HOST = "$(BUILT_PRODUCTS_DIR)/UserGithub.app/$(BUNDLE_EXECUTABLE_FOLDER_PATH)/UserGithub";
			};
			name = Release;
		};
		FF9F62742A9E810500211D8C /* Debug */ = {
			isa = XCBuildConfiguration;
			baseConfigurationReference = EDE350B2DEBF7E87E9870033 /* Pods-UserGithubUITests.debug.xcconfig */;
			buildSettings = {
				ALWAYS_EMBED_SWIFT_STANDARD_LIBRARIES = YES;
				CODE_SIGN_STYLE = Automatic;
				CURRENT_PROJECT_VERSION = 1;
				GENERATE_INFOPLIST_FILE = YES;
				MARKETING_VERSION = 1.0;
				PRODUCT_BUNDLE_IDENTIFIER = br.com.renatoferraz.UserGithubUITests;
				PRODUCT_NAME = "$(TARGET_NAME)";
				SWIFT_EMIT_LOC_STRINGS = NO;
				SWIFT_VERSION = 5.0;
				TARGETED_DEVICE_FAMILY = "1,2";
				TEST_TARGET_NAME = UserGithub;
			};
			name = Debug;
		};
		FF9F62752A9E810500211D8C /* Release */ = {
			isa = XCBuildConfiguration;
			baseConfigurationReference = AB29BDED9E5C59B0087631A9 /* Pods-UserGithubUITests.release.xcconfig */;
			buildSettings = {
				ALWAYS_EMBED_SWIFT_STANDARD_LIBRARIES = YES;
				CODE_SIGN_STYLE = Automatic;
				CURRENT_PROJECT_VERSION = 1;
				GENERATE_INFOPLIST_FILE = YES;
				MARKETING_VERSION = 1.0;
				PRODUCT_BUNDLE_IDENTIFIER = br.com.renatoferraz.UserGithubUITests;
				PRODUCT_NAME = "$(TARGET_NAME)";
				SWIFT_EMIT_LOC_STRINGS = NO;
				SWIFT_VERSION = 5.0;
				TARGETED_DEVICE_FAMILY = "1,2";
				TEST_TARGET_NAME = UserGithub;
			};
			name = Release;
		};
/* End XCBuildConfiguration section */

/* Begin XCConfigurationList section */
		FF9F623E2A9E810400211D8C /* Build configuration list for PBXProject "UserGithub" */ = {
			isa = XCConfigurationList;
			buildConfigurations = (
				FF9F626B2A9E810500211D8C /* Debug */,
				FF9F626C2A9E810500211D8C /* Release */,
			);
			defaultConfigurationIsVisible = 0;
			defaultConfigurationName = Release;
		};
		FF9F626D2A9E810500211D8C /* Build configuration list for PBXNativeTarget "UserGithub" */ = {
			isa = XCConfigurationList;
			buildConfigurations = (
				FF9F626E2A9E810500211D8C /* Debug */,
				FF9F626F2A9E810500211D8C /* Release */,
			);
			defaultConfigurationIsVisible = 0;
			defaultConfigurationName = Release;
		};
		FF9F62702A9E810500211D8C /* Build configuration list for PBXNativeTarget "UserGithubTests" */ = {
			isa = XCConfigurationList;
			buildConfigurations = (
				FF9F62712A9E810500211D8C /* Debug */,
				FF9F62722A9E810500211D8C /* Release */,
			);
			defaultConfigurationIsVisible = 0;
			defaultConfigurationName = Release;
		};
		FF9F62732A9E810500211D8C /* Build configuration list for PBXNativeTarget "UserGithubUITests" */ = {
			isa = XCConfigurationList;
			buildConfigurations = (
				FF9F62742A9E810500211D8C /* Debug */,
				FF9F62752A9E810500211D8C /* Release */,
			);
			defaultConfigurationIsVisible = 0;
			defaultConfigurationName = Release;
		};
/* End XCConfigurationList section */
	};
	rootObject = FF9F623B2A9E810400211D8C /* Project object */;
}
